// !$*UTF8*$!
{
	archiveVersion = 1;
	classes = {
	};
	objectVersion = 90;
	objects = {

/* Begin PBXBuildFile section */
		1000000000000001 /* VideoEditApp.swift in Sources */ = {isa = PBXBuildFile; fileRef = 2000000000000001 /* VideoEditApp.swift */; };
		1000000000000002 /* ContentView.swift in Sources */ = {isa = PBXBuildFile; fileRef = 2000000000000002 /* ContentView.swift */; };
		1000000000000003 /* Assets.xcassets in Resources */ = {isa = PBXBuildFile; fileRef = 2000000000000003 /* Assets.xcassets */; };
		1000000000000005 /* ScreenRecorder.swift in Sources */ = {isa = PBXBuildFile; fileRef = 2000000000000005 /* ScreenRecorder.swift */; };
		1000000000000006 /* VideoEditor.swift in Sources */ = {isa = PBXBuildFile; fileRef = 2000000000000006 /* VideoEditor.swift */; };
		1000000000000007 /* GIFExporter.swift in Sources */ = {isa = PBXBuildFile; fileRef = 2000000000000007 /* GIFExporter.swift */; };
		1000000000000010 /* MouseClickVisualizer.swift in Sources */ = {isa = PBXBuildFile; fileRef = 2000000000000010 /* MouseClickVisualizer.swift */; };
		1400C8F72F04C2A5001EF209 /* Welcome+Window.swift in Sources */ = {isa = PBXBuildFile; fileRef = 1400C8F52F04C2A5001EF209 /* Welcome+Window.swift */; };
		1400C8F82F04C2A5001EF209 /* TrimView.swift in Sources */ = {isa = PBXBuildFile; fileRef = 1400C8EE2F04C2A5001EF209 /* TrimView.swift */; };
		1400C8F92F04C2A5001EF209 /* QuickActionButton.swift in Sources */ = {isa = PBXBuildFile; fileRef = 1400C8D52F04C2A5001EF209 /* QuickActionButton.swift */; };
		1400C8FA2F04C2A5001EF209 /* ExportView.swift in Sources */ = {isa = PBXBuildFile; fileRef = 1400C8DE2F04C2A5001EF209 /* ExportView.swift */; };
		1400C8FB2F04C2A5001EF209 /* ShortcutsSettingsView.swift in Sources */ = {isa = PBXBuildFile; fileRef = 1400C8EA2F04C2A5001EF209 /* ShortcutsSettingsView.swift */; };
		1400C8FC2F04C2A5001EF209 /* RecordingInProgressView.swift in Sources */ = {isa = PBXBuildFile; fileRef = 1400C8E02F04C2A5001EF209 /* RecordingInProgressView.swift */; };
		1400C8FD2F04C2A5001EF209 /* AboutSettingsView.swift in Sources */ = {isa = PBXBuildFile; fileRef = 1400C8E52F04C2A5001EF209 /* AboutSettingsView.swift */; };
		1400C8FE2F04C2A5001EF209 /* VideoInfoSection.swift in Sources */ = {isa = PBXBuildFile; fileRef = 1400C8F02F04C2A5001EF209 /* VideoInfoSection.swift */; };
		1400C8FF2F04C2A5001EF209 /* SidebarContent.swift in Sources */ = {isa = PBXBuildFile; fileRef = 1400C8EC2F04C2A5001EF209 /* SidebarContent.swift */; };
		1400C9002F04C2A5001EF209 /* RecordingView.swift in Sources */ = {isa = PBXBuildFile; fileRef = 1400C8E32F04C2A5001EF209 /* RecordingView.swift */; };
		1400C9012F04C2A5001EF209 /* EditorToolbar.swift in Sources */ = {isa = PBXBuildFile; fileRef = 1400C8D02F04C2A5001EF209 /* EditorToolbar.swift */; };
		1400C9022F04C2A5001EF209 /* TimeInputField.swift in Sources */ = {isa = PBXBuildFile; fileRef = 1400C8D72F04C2A5001EF209 /* TimeInputField.swift */; };
		1400C9032F04C2A5001EF209 /* AspectRatioButton.swift in Sources */ = {isa = PBXBuildFile; fileRef = 1400C8CE2F04C2A5001EF209 /* AspectRatioButton.swift */; };
		1400C9042F04C2A5001EF209 /* CaptureModeButton.swift in Sources */ = {isa = PBXBuildFile; fileRef = 1400C8CF2F04C2A5001EF209 /* CaptureModeButton.swift */; };
		1400C9052F04C2A5001EF209 /* RecordingSettingsView.swift in Sources */ = {isa = PBXBuildFile; fileRef = 1400C8E12F04C2A5001EF209 /* RecordingSettingsView.swift */; };
		1400C9062F04C2A5001EF209 /* CameraSettingsView.swift in Sources */ = {isa = PBXBuildFile; fileRef = 1400C8E62F04C2A5001EF209 /* CameraSettingsView.swift */; };
		1400C9072F04C2A5001EF209 /* FormatButton.swift in Sources */ = {isa = PBXBuildFile; fileRef = 1400C8D12F04C2A5001EF209 /* FormatButton.swift */; };
		1400C9082F04C2A5001EF209 /* CropOverlay.swift in Sources */ = {isa = PBXBuildFile; fileRef = 1400C8DB2F04C2A5001EF209 /* CropOverlay.swift */; };
		1400C9092F04C2A5001EF209 /* SettingsView.swift in Sources */ = {isa = PBXBuildFile; fileRef = 1400C8E92F04C2A5001EF209 /* SettingsView.swift */; };
		1400C90A2F04C2A5001EF209 /* InfoRow.swift in Sources */ = {isa = PBXBuildFile; fileRef = 1400C8D22F04C2A5001EF209 /* InfoRow.swift */; };
		1400C90B2F04C2A5001EF209 /* PlaybackControls.swift in Sources */ = {isa = PBXBuildFile; fileRef = 1400C8D32F04C2A5001EF209 /* PlaybackControls.swift */; };
		1400C90C2F04C2A5001EF209 /* ExportSettingsView.swift in Sources */ = {isa = PBXBuildFile; fileRef = 1400C8E72F04C2A5001EF209 /* ExportSettingsView.swift */; };
		1400C90D2F04C2A5001EF209 /* VideoPlayerView.swift in Sources */ = {isa = PBXBuildFile; fileRef = 1400C8F22F04C2A5001EF209 /* VideoPlayerView.swift */; };
		1400C90E2F04C2A5001EF209 /* VideoTimeline.swift in Sources */ = {isa = PBXBuildFile; fileRef = 1400C8F32F04C2A5001EF209 /* VideoTimeline.swift */; };
		1400C90F2F04C2A5001EF209 /* PresetButton.swift in Sources */ = {isa = PBXBuildFile; fileRef = 1400C8D42F04C2A5001EF209 /* PresetButton.swift */; };
		1400C9102F04C2A5001EF209 /* CropHandleView.swift in Sources */ = {isa = PBXBuildFile; fileRef = 1400C8DA2F04C2A5001EF209 /* CropHandleView.swift */; };
		1400C9112F04C2A5001EF209 /* CameraManager.swift in Sources */ = {isa = PBXBuildFile; fileRef = 1400C8CA2F04C2A5001EF209 /* CameraManager.swift */; };
		1400C9122F04C2A5001EF209 /* CameraOverlayView.swift in Sources */ = {isa = PBXBuildFile; fileRef = 1400C8CB2F04C2A5001EF209 /* CameraOverlayView.swift */; };
		1400C9132F04C2A5001EF209 /* VideoPlayerManager.swift in Sources */ = {isa = PBXBuildFile; fileRef = 1400C8F12F04C2A5001EF209 /* VideoPlayerManager.swift */; };
		1400C9142F04C2A5001EF209 /* CropView.swift in Sources */ = {isa = PBXBuildFile; fileRef = 1400C8DC2F04C2A5001EF209 /* CropView.swift */; };
		1400C9152F04C2A5001EF209 /* ShortcutRow.swift in Sources */ = {isa = PBXBuildFile; fileRef = 1400C8D62F04C2A5001EF209 /* ShortcutRow.swift */; };
		1400C9162F04C2A5001EF209 /* CameraPreviewView.swift in Sources */ = {isa = PBXBuildFile; fileRef = 1400C8CC2F04C2A5001EF209 /* CameraPreviewView.swift */; };
		1400C9172F04C2A5001EF209 /* GeneralSettingsView.swift in Sources */ = {isa = PBXBuildFile; fileRef = 1400C8E82F04C2A5001EF209 /* GeneralSettingsView.swift */; };
		1400C9182F04C2A5001EF209 /* RecordingSetupView.swift in Sources */ = {isa = PBXBuildFile; fileRef = 1400C8E22F04C2A5001EF209 /* RecordingSetupView.swift */; };
		1400C9192F04C2A5001EF209 /* ToolButton.swift in Sources */ = {isa = PBXBuildFile; fileRef = 1400C8D82F04C2A5001EF209 /* ToolButton.swift */; };
		1400C9332F04C472001EF209 /* VideoBitrate+Model.swift in Sources */ = {isa = PBXBuildFile; fileRef = 1400C92E2F04C472001EF209 /* VideoBitrate+Model.swift */; };
		1400C9342F04C472001EF209 /* ExportResolution+Model.swift in Sources */ = {isa = PBXBuildFile; fileRef = 1400C9252F04C472001EF209 /* ExportResolution+Model.swift */; };
		1400C9352F04C472001EF209 /* EditingTool+Model.swift in Sources */ = {isa = PBXBuildFile; fileRef = 1400C9212F04C472001EF209 /* EditingTool+Model.swift */; };
		1400C9362F04C472001EF209 /* RecordingQuality+Model.swift in Sources */ = {isa = PBXBuildFile; fileRef = 1400C92B2F04C472001EF209 /* RecordingQuality+Model.swift */; };
		1400C9372F04C472001EF209 /* CameraSize+Model.swift in Sources */ = {isa = PBXBuildFile; fileRef = 1400C91D2F04C472001EF209 /* CameraSize+Model.swift */; };
		1400C9382F04C472001EF209 /* GIFExportError+Model.swift in Sources */ = {isa = PBXBuildFile; fileRef = 1400C9282F04C472001EF209 /* GIFExportError+Model.swift */; };
		1400C9392F04C472001EF209 /* ExportQuality+Model.swift in Sources */ = {isa = PBXBuildFile; fileRef = 1400C9242F04C472001EF209 /* ExportQuality+Model.swift */; };
		1400C93A2F04C472001EF209 /* RecordingError+Model.swift in Sources */ = {isa = PBXBuildFile; fileRef = 1400C92A2F04C472001EF209 /* RecordingError+Model.swift */; };
		1400C93C2F04C472001EF209 /* CameraPosition+Model.swift in Sources */ = {isa = PBXBuildFile; fileRef = 1400C91B2F04C472001EF209 /* CameraPosition+Model.swift */; };
		1400C93D2F04C472001EF209 /* VideoEditorError+Model.swift in Sources */ = {isa = PBXBuildFile; fileRef = 1400C9312F04C472001EF209 /* VideoEditorError+Model.swift */; };
		1400C93E2F04C472001EF209 /* ClickEvent+Model.swift in Sources */ = {isa = PBXBuildFile; fileRef = 1400C91F2F04C472001EF209 /* ClickEvent+Model.swift */; };
		1400C93F2F04C472001EF209 /* VideoDocument+Model.swift in Sources */ = {isa = PBXBuildFile; fileRef = 1400C9302F04C472001EF209 /* VideoDocument+Model.swift */; };
		1400C9412F04C472001EF209 /* ExportPreset+Model.swift in Sources */ = {isa = PBXBuildFile; fileRef = 1400C9232F04C472001EF209 /* ExportPreset+Model.swift */; };
		1400C9422F04C472001EF209 /* CameraShape+Model.swift in Sources */ = {isa = PBXBuildFile; fileRef = 1400C91C2F04C472001EF209 /* CameraShape+Model.swift */; };
		1400C9432F04C472001EF209 /* AspectRatio+Model.swift in Sources */ = {isa = PBXBuildFile; fileRef = 1400C91A2F04C472001EF209 /* AspectRatio+Model.swift */; };
		1400C9442F04C472001EF209 /* RoundedCornerShape+Model.swift in Sources */ = {isa = PBXBuildFile; fileRef = 1400C92D2F04C472001EF209 /* RoundedCornerShape+Model.swift */; };
		1400C9452F04C472001EF209 /* VideoCodec+Model.swift in Sources */ = {isa = PBXBuildFile; fileRef = 1400C92F2F04C472001EF209 /* VideoCodec+Model.swift */; };
		1400C9462F04C472001EF209 /* ExportSettings+Model.swift in Sources */ = {isa = PBXBuildFile; fileRef = 1400C9262F04C472001EF209 /* ExportSettings+Model.swift */; };
		1400C9472F04C472001EF209 /* CropHandle+Model.swift in Sources */ = {isa = PBXBuildFile; fileRef = 1400C9202F04C472001EF209 /* CropHandle+Model.swift */; };
		1400C9482F04C472001EF209 /* FourCharCode+Model.swift in Sources */ = {isa = PBXBuildFile; fileRef = 1400C9272F04C472001EF209 /* FourCharCode+Model.swift */; };
		1400C9492F04C472001EF209 /* RecentFilesManager+Model.swift in Sources */ = {isa = PBXBuildFile; fileRef = 1400C9292F04C472001EF209 /* RecentFilesManager+Model.swift */; };
		1400C94A2F04C472001EF209 /* CaptureMode+Model.swift in Sources */ = {isa = PBXBuildFile; fileRef = 1400C91E2F04C472001EF209 /* CaptureMode+Model.swift */; };
		1400C94B2F04C472001EF209 /* ExportFormat+Model.swift in Sources */ = {isa = PBXBuildFile; fileRef = 1400C9222F04C472001EF209 /* ExportFormat+Model.swift */; };
		144E65E22F094FA400D044AD /* WelcomeWindow in Frameworks */ = {isa = PBXBuildFile; productRef = 144E65E12F094FA400D044AD /* WelcomeWindow */; };
		144E65E52F09556E00D044AD /* Onboarding in Frameworks */ = {isa = PBXBuildFile; productRef = 144E65E42F09556E00D044AD /* Onboarding */; };
		144E65E72F09619C00D044AD /* NewFileButton.swift in Sources */ = {isa = PBXBuildFile; fileRef = 144E65E62F09619C00D044AD /* NewFileButton.swift */; };
		144E65E92F0961ED00D044AD /* OpenFileOrFolderButton.swift in Sources */ = {isa = PBXBuildFile; fileRef = 144E65E82F0961ED00D044AD /* OpenFileOrFolderButton.swift */; };
		144E65EB2F09624800D044AD /* WelcomeSubtitleView.swift in Sources */ = {isa = PBXBuildFile; fileRef = 144E65EA2F09624800D044AD /* WelcomeSubtitleView.swift */; };
		144E65EF2F09632900D044AD /* Bundle+Extensions.swift in Sources */ = {isa = PBXBuildFile; fileRef = 144E65EE2F09631100D044AD /* Bundle+Extensions.swift */; };
		144E65F12F0963BA00D044AD /* AppKit+Extensions.swift in Sources */ = {isa = PBXBuildFile; fileRef = 144E65F02F09639F00D044AD /* AppKit+Extensions.swift */; };
		144E65F32F0964F500D044AD /* EnvironmentValues.swift in Sources */ = {isa = PBXBuildFile; fileRef = 144E65F22F0964DF00D044AD /* EnvironmentValues.swift */; };
		144E65F62F0966AB00D044AD /* DocumentController.swift in Sources */ = {isa = PBXBuildFile; fileRef = 144E65F52F0966AB00D044AD /* DocumentController.swift */; };
		144E65FB2F0A538C00D044AD /* Button.swift in Sources */ = {isa = PBXBuildFile; fileRef = 144E65FA2F0A538900D044AD /* Button.swift */; };
		144E65FD2F0A57C600D044AD /* WelcomeButton.swift in Sources */ = {isa = PBXBuildFile; fileRef = 144E65FC2F0A57C600D044AD /* WelcomeButton.swift */; };
		144E66002F0A583500D044AD /* FocusRingModifier.swift in Sources */ = {isa = PBXBuildFile; fileRef = 144E65FF2F0A583500D044AD /* FocusRingModifier.swift */; };
		144E66022F0A687100D044AD /* RectCorner+Model.swift in Sources */ = {isa = PBXBuildFile; fileRef = 144E66012F0A687100D044AD /* RectCorner+Model.swift */; };
		144E66042F0A6C0D00D044AD /* Recording+Window.swift in Sources */ = {isa = PBXBuildFile; fileRef = 144E66032F0A6C0D00D044AD /* Recording+Window.swift */; };
		144E66072F0A70DD00D044AD /* Onboarding in Frameworks */ = {isa = PBXBuildFile; productRef = 144E66062F0A70DD00D044AD /* Onboarding */; };
		145D15E22F1D37FD00F8A4BB /* DeviceInfo+Model.swift in Sources */ = {isa = PBXBuildFile; fileRef = 145D15E12F1D37EB00F8A4BB /* DeviceInfo+Model.swift */; };
		145D15E42F1D392100F8A4BB /* CaptureStatus+Model.swift in Sources */ = {isa = PBXBuildFile; fileRef = 145D15E32F1D390D00F8A4BB /* CaptureStatus+Model.swift */; };
		145D15E62F1D394E00F8A4BB /* CaptureEngine+Actor.swift in Sources */ = {isa = PBXBuildFile; fileRef = 145D15E52F1D393F00F8A4BB /* CaptureEngine+Actor.swift */; };
		145D15E92F1D3F0A00F8A4BB /* AVCapture+Delegate.swift in Sources */ = {isa = PBXBuildFile; fileRef = 145D15E82F1D3F0000F8A4BB /* AVCapture+Delegate.swift */; };
		146CAEC02F1949200021CE3A /* SFSafeSymbols in Frameworks */ = {isa = PBXBuildFile; productRef = 146CAEBF2F1949200021CE3A /* SFSafeSymbols */; };
		146CAEC22F1966880021CE3A /* FloatingPanel.swift in Sources */ = {isa = PBXBuildFile; fileRef = 146CAEC12F1966880021CE3A /* FloatingPanel.swift */; };
		146CAEC52F1AD6E60021CE3A /* General+Command.swift in Sources */ = {isa = PBXBuildFile; fileRef = 146CAEC42F1AD6E60021CE3A /* General+Command.swift */; };
		146CAEC72F1ADB020021CE3A /* Video+Command.swift in Sources */ = {isa = PBXBuildFile; fileRef = 146CAEC62F1ADAF40021CE3A /* Video+Command.swift */; };
		146CAEC92F1C7EAE0021CE3A /* CameraInfo+Model.swift in Sources */ = {isa = PBXBuildFile; fileRef = 146CAEC82F1C7EAE0021CE3A /* CameraInfo+Model.swift */; };
		146CAECB2F1C7EF40021CE3A /* MicrophoneInfo+Model.swift in Sources */ = {isa = PBXBuildFile; fileRef = 146CAECA2F1C7EEF0021CE3A /* MicrophoneInfo+Model.swift */; };
		146CAECE2F1C80C40021CE3A /* Device+Actor.swift in Sources */ = {isa = PBXBuildFile; fileRef = 146CAECD2F1C80B30021CE3A /* Device+Actor.swift */; };
		146E4EF82F0A7C0000AA07CC /* SwiftBasicFormat in Frameworks */ = {isa = PBXBuildFile; productRef = 146E4EF72F0A7C0000AA07CC /* SwiftBasicFormat */; };
		146E4EFA2F0A7C0000AA07CC /* SwiftCompilerPlugin in Frameworks */ = {isa = PBXBuildFile; productRef = 146E4EF92F0A7C0000AA07CC /* SwiftCompilerPlugin */; };
		146E4EFC2F0A7C0000AA07CC /* SwiftDiagnostics in Frameworks */ = {isa = PBXBuildFile; productRef = 146E4EFB2F0A7C0000AA07CC /* SwiftDiagnostics */; };
		146E4EFE2F0A7C0000AA07CC /* SwiftIDEUtils in Frameworks */ = {isa = PBXBuildFile; productRef = 146E4EFD2F0A7C0000AA07CC /* SwiftIDEUtils */; };
		146E4F002F0A7C0000AA07CC /* SwiftIfConfig in Frameworks */ = {isa = PBXBuildFile; productRef = 146E4EFF2F0A7C0000AA07CC /* SwiftIfConfig */; };
		146E4F032F0A7C1400AA07CC /* WelcomeWindow in Frameworks */ = {isa = PBXBuildFile; productRef = 146E4F022F0A7C1400AA07CC /* WelcomeWindow */; };
		146E4F062F0A7C2800AA07CC /* CombineAsync in Frameworks */ = {isa = PBXBuildFile; productRef = 146E4F052F0A7C2800AA07CC /* CombineAsync */; };
		146E4F092F0A7CC200AA07CC /* Onboarding in Frameworks */ = {isa = PBXBuildFile; productRef = 146E4F082F0A7CC200AA07CC /* Onboarding */; };
		146E4F0B2F0A830000AA07CC /* VIRecordingView.swift in Sources */ = {isa = PBXBuildFile; fileRef = 146E4F0A2F0A830000AA07CC /* VIRecordingView.swift */; };
		146E4F0E2F0A8DE900AA07CC /* VideoEditorCore in Frameworks */ = {isa = PBXBuildFile; productRef = 146E4F0D2F0A8DE900AA07CC /* VideoEditorCore */; };
		146E4F102F0AA8B900AA07CC /* VECameraCaptureView.swift in Sources */ = {isa = PBXBuildFile; fileRef = 146E4F0F2F0AA8B900AA07CC /* VECameraCaptureView.swift */; };
		146E4F122F0B5DA900AA07CC /* CameraCaptureView.swift in Sources */ = {isa = PBXBuildFile; fileRef = 146E4F112F0B5DA900AA07CC /* CameraCaptureView.swift */; };
		146E4F142F0D66EB00AA07CC /* AppIcon.icon in Resources */ = {isa = PBXBuildFile; fileRef = 146E4F132F0D66EB00AA07CC /* AppIcon.icon */; };
		146E4F172F0DA03700AA07CC /* Pow in Frameworks */ = {isa = PBXBuildFile; productRef = 146E4F162F0DA03700AA07CC /* Pow */; };
		146E4F192F0DA45E00AA07CC /* RecordButton.swift in Sources */ = {isa = PBXBuildFile; fileRef = 146E4F182F0DA45E00AA07CC /* RecordButton.swift */; };
		146E4F1B2F0DE4F200AA07CC /* Button+ViewModifier.swift in Sources */ = {isa = PBXBuildFile; fileRef = 146E4F1A2F0DE4F200AA07CC /* Button+ViewModifier.swift */; };
		148AAC572F073A300087D649 /* AVFoundation+Extensions.swift in Sources */ = {isa = PBXBuildFile; fileRef = 148AAC532F073A300087D649 /* AVFoundation+Extensions.swift */; };
		148AAC582F073A300087D649 /* NSImage+Extensions.swift in Sources */ = {isa = PBXBuildFile; fileRef = 148AAC552F073A300087D649 /* NSImage+Extensions.swift */; };
		148AAC592F073A300087D649 /* SwiftUI+Extensions.swift in Sources */ = {isa = PBXBuildFile; fileRef = 148AAC562F073A300087D649 /* SwiftUI+Extensions.swift */; };
		148AAC5A2F073A300087D649 /* Foundation+Extensions.swift in Sources */ = {isa = PBXBuildFile; fileRef = 148AAC542F073A300087D649 /* Foundation+Extensions.swift */; };
		148AAC5E2F073CB60087D649 /* MouseVisualizerSettingsView.swift in Sources */ = {isa = PBXBuildFile; fileRef = 148AAC5D2F073CA10087D649 /* MouseVisualizerSettingsView.swift */; };
		148AAC602F0742800087D649 /* NamePrintable+Extensions.swift in Sources */ = {isa = PBXBuildFile; fileRef = 148AAC5F2F0742700087D649 /* NamePrintable+Extensions.swift */; };
		148AAC632F075CBD0087D649 /* CombineAsync in Frameworks */ = {isa = PBXBuildFile; productRef = 148AAC622F075CBD0087D649 /* CombineAsync */; };
		148AAC682F0785520087D649 /* Constants.swift in Sources */ = {isa = PBXBuildFile; fileRef = 148AAC672F07854A0087D649 /* Constants.swift */; };
		148AAC6A2F078B610087D649 /* ScreenRecorderView.swift in Sources */ = {isa = PBXBuildFile; fileRef = 148AAC692F078B610087D649 /* ScreenRecorderView.swift */; };
		148AAC6C2F0793A80087D649 /* View+Modifiers.swift in Sources */ = {isa = PBXBuildFile; fileRef = 148AAC6B2F07939E0087D649 /* View+Modifiers.swift */; };
		148AAC6E2F0793D00087D649 /* View+NSViewRepresentable.swift in Sources */ = {isa = PBXBuildFile; fileRef = 148AAC6D2F0793C00087D649 /* View+NSViewRepresentable.swift */; };
		148B59452F1E9D3100F840BF /* AppState+Extensions.swift in Sources */ = {isa = PBXBuildFile; fileRef = 148B59442F1E9D1D00F840BF /* AppState+Extensions.swift */; };
		148B59532F213BB600F840BF /* CaptureService.swift in Sources */ = {isa = PBXBuildFile; fileRef = 148B59522F213BB600F840BF /* CaptureService.swift */; };
		148B59552F213BEA00F840BF /* CameraModel.swift in Sources */ = {isa = PBXBuildFile; fileRef = 148B59542F213BEA00F840BF /* CameraModel.swift */; };
		148B595A2F213C6300F840BF /* MovieCapture.swift in Sources */ = {isa = PBXBuildFile; fileRef = 148B59572F213C6300F840BF /* MovieCapture.swift */; };
		148B595B2F213C6300F840BF /* DeviceLookup.swift in Sources */ = {isa = PBXBuildFile; fileRef = 148B59562F213C6300F840BF /* DeviceLookup.swift */; };
		148B595C2F213C6300F840BF /* PhotoCapture.swift in Sources */ = {isa = PBXBuildFile; fileRef = 148B59582F213C6300F840BF /* PhotoCapture.swift */; };
		148B595D2F213C6300F840BF /* SPCObserver.swift in Sources */ = {isa = PBXBuildFile; fileRef = 148B59592F213C6300F840BF /* SPCObserver.swift */; };
		148B59612F213CDD00F840BF /* DataTypes.swift in Sources */ = {isa = PBXBuildFile; fileRef = 148B59602F213CDD00F840BF /* DataTypes.swift */; };
		148B59622F213CDD00F840BF /* Camera.swift in Sources */ = {isa = PBXBuildFile; fileRef = 148B595E2F213CDD00F840BF /* Camera.swift */; };
		148B59632F213CDD00F840BF /* CameraState.swift in Sources */ = {isa = PBXBuildFile; fileRef = 148B595F2F213CDD00F840BF /* CameraState.swift */; };
		148B59652F213D0E00F840BF /* MediaLibrary.swift in Sources */ = {isa = PBXBuildFile; fileRef = 148B59642F213D0E00F840BF /* MediaLibrary.swift */; };
		148B59692F213D4500F840BF /* Capture+Extensions.swift in Sources */ = {isa = PBXBuildFile; fileRef = 148B59662F213D4500F840BF /* Capture+Extensions.swift */; };
		148B596B2F213D4500F840BF /* View+Extensions.swift in Sources */ = {isa = PBXBuildFile; fileRef = 148B59682F213D4500F840BF /* View+Extensions.swift */; };
		148B596D2F2142E800F840BF /* PreviewSource.swift in Sources */ = {isa = PBXBuildFile; fileRef = 148B596C2F2142E300F840BF /* PreviewSource.swift */; };
		14972F432F0EC72A002CE41C /* View+ViewModifier.swift in Sources */ = {isa = PBXBuildFile; fileRef = 14972F422F0EC72A002CE41C /* View+ViewModifier.swift */; };
		14972F452F10EDFF002CE41C /* TimerPicker.swift in Sources */ = {isa = PBXBuildFile; fileRef = 14972F442F10EDFF002CE41C /* TimerPicker.swift */; };
		14D9D6A52F05974400065B49 /* SwiftBasicFormat in Frameworks */ = {isa = PBXBuildFile; productRef = 14D9D6A42F05974400065B49 /* SwiftBasicFormat */; };
		14D9D6A72F05974400065B49 /* SwiftCompilerPlugin in Frameworks */ = {isa = PBXBuildFile; productRef = 14D9D6A62F05974400065B49 /* SwiftCompilerPlugin */; };
		14D9D6A92F05974400065B49 /* SwiftDiagnostics in Frameworks */ = {isa = PBXBuildFile; productRef = 14D9D6A82F05974400065B49 /* SwiftDiagnostics */; };
		14D9D6AB2F05974400065B49 /* SwiftIDEUtils in Frameworks */ = {isa = PBXBuildFile; productRef = 14D9D6AA2F05974400065B49 /* SwiftIDEUtils */; };
		14D9D6AD2F05974400065B49 /* SwiftIfConfig in Frameworks */ = {isa = PBXBuildFile; productRef = 14D9D6AC2F05974400065B49 /* SwiftIfConfig */; };
		14D9D6B02F0717B400065B49 /* Base.swift in Sources */ = {isa = PBXBuildFile; fileRef = 14D9D6AF2F0717AF00065B49 /* Base.swift */; };
		14D9D6B22F0718B400065B49 /* NamePrintable.swift in Sources */ = {isa = PBXBuildFile; fileRef = 14D9D6B12F0718AB00065B49 /* NamePrintable.swift */; };
		14FC9EC42F14B1C20053C019 /* VolumeHUD.swift in Sources */ = {isa = PBXBuildFile; fileRef = 14FC9EC32F14B1B70053C019 /* VolumeHUD.swift */; };
		14FC9EC62F156D6A0053C019 /* EditorSettingsView.swift in Sources */ = {isa = PBXBuildFile; fileRef = 14FC9EC52F156D6A0053C019 /* EditorSettingsView.swift */; };
		14FC9EC82F16C35C0053C019 /* SettingsButton.swift in Sources */ = {isa = PBXBuildFile; fileRef = 14FC9EC72F16C35C0053C019 /* SettingsButton.swift */; };
		14FC9ED12F16F6970053C019 /* Picker.swift in Sources */ = {isa = PBXBuildFile; fileRef = 14FC9ED02F16F6930053C019 /* Picker.swift */; };
		14FC9ED52F16FB750053C019 /* Engine in Frameworks */ = {isa = PBXBuildFile; productRef = 14FC9ED42F16FB750053C019 /* Engine */; };
		14FC9ED72F16FB750053C019 /* EngineCore in Frameworks */ = {isa = PBXBuildFile; productRef = 14FC9ED62F16FB750053C019 /* EngineCore */; };
		14FC9ED92F16FB760053C019 /* EngineCoreC in Frameworks */ = {isa = PBXBuildFile; productRef = 14FC9ED82F16FB760053C019 /* EngineCoreC */; };
		14FC9EDB2F16FB760053C019 /* EngineMacros in Frameworks */ = {isa = PBXBuildFile; productRef = 14FC9EDA2F16FB760053C019 /* EngineMacros */; };
		14FC9EDD2F1785C60053C019 /* Floating+Window.swift in Sources */ = {isa = PBXBuildFile; fileRef = 14FC9EDC2F1785C60053C019 /* Floating+Window.swift */; };
		14FC9EE02F19158D0053C019 /* SwiftUIIntrospect in Frameworks */ = {isa = PBXBuildFile; productRef = 14FC9EDF2F19158D0053C019 /* SwiftUIIntrospect */; };
		14FFBDB12F128F9A00B96C92 /* PlayerControlsView.swift in Sources */ = {isa = PBXBuildFile; fileRef = 14FFBDB02F128F9A00B96C92 /* PlayerControlsView.swift */; };
		14FFBDB32F12949800B96C92 /* PauseButtonView.swift in Sources */ = {isa = PBXBuildFile; fileRef = 14FFBDB22F12949800B96C92 /* PauseButtonView.swift */; };
		14FFBDB52F12992800B96C92 /* AudioInputView.swift in Sources */ = {isa = PBXBuildFile; fileRef = 14FFBDB42F12992800B96C92 /* AudioInputView.swift */; };
		14FFBDB72F12A4D200B96C92 /* VideoInputView.swift in Sources */ = {isa = PBXBuildFile; fileRef = 14FFBDB62F12A4D200B96C92 /* VideoInputView.swift */; };
		14FFBDB92F12DF0E00B96C92 /* Toggle.swift in Sources */ = {isa = PBXBuildFile; fileRef = 14FFBDB82F12DF0600B96C92 /* Toggle.swift */; };
		14FFBDBB2F12E6B200B96C92 /* Shape.swift in Sources */ = {isa = PBXBuildFile; fileRef = 14FFBDBA2F12E6AF00B96C92 /* Shape.swift */; };
		14FFBDBE2F13194A00B96C92 /* Shimmer in Frameworks */ = {isa = PBXBuildFile; productRef = 14FFBDBD2F13194A00B96C92 /* Shimmer */; };
/* End PBXBuildFile section */

/* Begin PBXFileReference section */
		1400C8CA2F04C2A5001EF209 /* CameraManager.swift */ = {isa = PBXFileReference; lastKnownFileType = sourcecode.swift; path = CameraManager.swift; sourceTree = "<group>"; };
		1400C8CB2F04C2A5001EF209 /* CameraOverlayView.swift */ = {isa = PBXFileReference; lastKnownFileType = sourcecode.swift; path = CameraOverlayView.swift; sourceTree = "<group>"; };
		1400C8CC2F04C2A5001EF209 /* CameraPreviewView.swift */ = {isa = PBXFileReference; lastKnownFileType = sourcecode.swift; path = CameraPreviewView.swift; sourceTree = "<group>"; };
		1400C8CE2F04C2A5001EF209 /* AspectRatioButton.swift */ = {isa = PBXFileReference; lastKnownFileType = sourcecode.swift; path = AspectRatioButton.swift; sourceTree = "<group>"; };
		1400C8CF2F04C2A5001EF209 /* CaptureModeButton.swift */ = {isa = PBXFileReference; lastKnownFileType = sourcecode.swift; path = CaptureModeButton.swift; sourceTree = "<group>"; };
		1400C8D02F04C2A5001EF209 /* EditorToolbar.swift */ = {isa = PBXFileReference; lastKnownFileType = sourcecode.swift; path = EditorToolbar.swift; sourceTree = "<group>"; };
		1400C8D12F04C2A5001EF209 /* FormatButton.swift */ = {isa = PBXFileReference; lastKnownFileType = sourcecode.swift; path = FormatButton.swift; sourceTree = "<group>"; };
		1400C8D22F04C2A5001EF209 /* InfoRow.swift */ = {isa = PBXFileReference; lastKnownFileType = sourcecode.swift; path = InfoRow.swift; sourceTree = "<group>"; };
		1400C8D32F04C2A5001EF209 /* PlaybackControls.swift */ = {isa = PBXFileReference; lastKnownFileType = sourcecode.swift; path = PlaybackControls.swift; sourceTree = "<group>"; };
		1400C8D42F04C2A5001EF209 /* PresetButton.swift */ = {isa = PBXFileReference; lastKnownFileType = sourcecode.swift; path = PresetButton.swift; sourceTree = "<group>"; };
		1400C8D52F04C2A5001EF209 /* QuickActionButton.swift */ = {isa = PBXFileReference; lastKnownFileType = sourcecode.swift; path = QuickActionButton.swift; sourceTree = "<group>"; };
		1400C8D62F04C2A5001EF209 /* ShortcutRow.swift */ = {isa = PBXFileReference; lastKnownFileType = sourcecode.swift; path = ShortcutRow.swift; sourceTree = "<group>"; };
		1400C8D72F04C2A5001EF209 /* TimeInputField.swift */ = {isa = PBXFileReference; lastKnownFileType = sourcecode.swift; path = TimeInputField.swift; sourceTree = "<group>"; };
		1400C8D82F04C2A5001EF209 /* ToolButton.swift */ = {isa = PBXFileReference; lastKnownFileType = sourcecode.swift; path = ToolButton.swift; sourceTree = "<group>"; };
		1400C8DA2F04C2A5001EF209 /* CropHandleView.swift */ = {isa = PBXFileReference; lastKnownFileType = sourcecode.swift; path = CropHandleView.swift; sourceTree = "<group>"; };
		1400C8DB2F04C2A5001EF209 /* CropOverlay.swift */ = {isa = PBXFileReference; lastKnownFileType = sourcecode.swift; path = CropOverlay.swift; sourceTree = "<group>"; };
		1400C8DC2F04C2A5001EF209 /* CropView.swift */ = {isa = PBXFileReference; lastKnownFileType = sourcecode.swift; path = CropView.swift; sourceTree = "<group>"; };
		1400C8DE2F04C2A5001EF209 /* ExportView.swift */ = {isa = PBXFileReference; lastKnownFileType = sourcecode.swift; path = ExportView.swift; sourceTree = "<group>"; };
		1400C8E02F04C2A5001EF209 /* RecordingInProgressView.swift */ = {isa = PBXFileReference; lastKnownFileType = sourcecode.swift; path = RecordingInProgressView.swift; sourceTree = "<group>"; };
		1400C8E12F04C2A5001EF209 /* RecordingSettingsView.swift */ = {isa = PBXFileReference; lastKnownFileType = sourcecode.swift; path = RecordingSettingsView.swift; sourceTree = "<group>"; };
		1400C8E22F04C2A5001EF209 /* RecordingSetupView.swift */ = {isa = PBXFileReference; lastKnownFileType = sourcecode.swift; path = RecordingSetupView.swift; sourceTree = "<group>"; };
		1400C8E32F04C2A5001EF209 /* RecordingView.swift */ = {isa = PBXFileReference; lastKnownFileType = sourcecode.swift; path = RecordingView.swift; sourceTree = "<group>"; };
		1400C8E52F04C2A5001EF209 /* AboutSettingsView.swift */ = {isa = PBXFileReference; lastKnownFileType = sourcecode.swift; path = AboutSettingsView.swift; sourceTree = "<group>"; };
		1400C8E62F04C2A5001EF209 /* CameraSettingsView.swift */ = {isa = PBXFileReference; lastKnownFileType = sourcecode.swift; path = CameraSettingsView.swift; sourceTree = "<group>"; };
		1400C8E72F04C2A5001EF209 /* ExportSettingsView.swift */ = {isa = PBXFileReference; lastKnownFileType = sourcecode.swift; path = ExportSettingsView.swift; sourceTree = "<group>"; };
		1400C8E82F04C2A5001EF209 /* GeneralSettingsView.swift */ = {isa = PBXFileReference; lastKnownFileType = sourcecode.swift; path = GeneralSettingsView.swift; sourceTree = "<group>"; };
		1400C8E92F04C2A5001EF209 /* SettingsView.swift */ = {isa = PBXFileReference; lastKnownFileType = sourcecode.swift; path = SettingsView.swift; sourceTree = "<group>"; };
		1400C8EA2F04C2A5001EF209 /* ShortcutsSettingsView.swift */ = {isa = PBXFileReference; lastKnownFileType = sourcecode.swift; path = ShortcutsSettingsView.swift; sourceTree = "<group>"; };
		1400C8EC2F04C2A5001EF209 /* SidebarContent.swift */ = {isa = PBXFileReference; lastKnownFileType = sourcecode.swift; path = SidebarContent.swift; sourceTree = "<group>"; };
		1400C8EE2F04C2A5001EF209 /* TrimView.swift */ = {isa = PBXFileReference; lastKnownFileType = sourcecode.swift; path = TrimView.swift; sourceTree = "<group>"; };
		1400C8F02F04C2A5001EF209 /* VideoInfoSection.swift */ = {isa = PBXFileReference; lastKnownFileType = sourcecode.swift; path = VideoInfoSection.swift; sourceTree = "<group>"; };
		1400C8F12F04C2A5001EF209 /* VideoPlayerManager.swift */ = {isa = PBXFileReference; lastKnownFileType = sourcecode.swift; path = VideoPlayerManager.swift; sourceTree = "<group>"; };
		1400C8F22F04C2A5001EF209 /* VideoPlayerView.swift */ = {isa = PBXFileReference; lastKnownFileType = sourcecode.swift; path = VideoPlayerView.swift; sourceTree = "<group>"; };
		1400C8F32F04C2A5001EF209 /* VideoTimeline.swift */ = {isa = PBXFileReference; lastKnownFileType = sourcecode.swift; path = VideoTimeline.swift; sourceTree = "<group>"; };
		1400C8F52F04C2A5001EF209 /* Welcome+Window.swift */ = {isa = PBXFileReference; lastKnownFileType = sourcecode.swift; path = "Welcome+Window.swift"; sourceTree = "<group>"; };
		1400C91A2F04C472001EF209 /* AspectRatio+Model.swift */ = {isa = PBXFileReference; lastKnownFileType = sourcecode.swift; path = "AspectRatio+Model.swift"; sourceTree = "<group>"; };
		1400C91B2F04C472001EF209 /* CameraPosition+Model.swift */ = {isa = PBXFileReference; lastKnownFileType = sourcecode.swift; path = "CameraPosition+Model.swift"; sourceTree = "<group>"; };
		1400C91C2F04C472001EF209 /* CameraShape+Model.swift */ = {isa = PBXFileReference; lastKnownFileType = sourcecode.swift; path = "CameraShape+Model.swift"; sourceTree = "<group>"; };
		1400C91D2F04C472001EF209 /* CameraSize+Model.swift */ = {isa = PBXFileReference; lastKnownFileType = sourcecode.swift; path = "CameraSize+Model.swift"; sourceTree = "<group>"; };
		1400C91E2F04C472001EF209 /* CaptureMode+Model.swift */ = {isa = PBXFileReference; lastKnownFileType = sourcecode.swift; path = "CaptureMode+Model.swift"; sourceTree = "<group>"; };
		1400C91F2F04C472001EF209 /* ClickEvent+Model.swift */ = {isa = PBXFileReference; lastKnownFileType = sourcecode.swift; path = "ClickEvent+Model.swift"; sourceTree = "<group>"; };
		1400C9202F04C472001EF209 /* CropHandle+Model.swift */ = {isa = PBXFileReference; lastKnownFileType = sourcecode.swift; path = "CropHandle+Model.swift"; sourceTree = "<group>"; };
		1400C9212F04C472001EF209 /* EditingTool+Model.swift */ = {isa = PBXFileReference; lastKnownFileType = sourcecode.swift; path = "EditingTool+Model.swift"; sourceTree = "<group>"; };
		1400C9222F04C472001EF209 /* ExportFormat+Model.swift */ = {isa = PBXFileReference; lastKnownFileType = sourcecode.swift; path = "ExportFormat+Model.swift"; sourceTree = "<group>"; };
		1400C9232F04C472001EF209 /* ExportPreset+Model.swift */ = {isa = PBXFileReference; lastKnownFileType = sourcecode.swift; path = "ExportPreset+Model.swift"; sourceTree = "<group>"; };
		1400C9242F04C472001EF209 /* ExportQuality+Model.swift */ = {isa = PBXFileReference; lastKnownFileType = sourcecode.swift; path = "ExportQuality+Model.swift"; sourceTree = "<group>"; };
		1400C9252F04C472001EF209 /* ExportResolution+Model.swift */ = {isa = PBXFileReference; lastKnownFileType = sourcecode.swift; path = "ExportResolution+Model.swift"; sourceTree = "<group>"; };
		1400C9262F04C472001EF209 /* ExportSettings+Model.swift */ = {isa = PBXFileReference; lastKnownFileType = sourcecode.swift; path = "ExportSettings+Model.swift"; sourceTree = "<group>"; };
		1400C9272F04C472001EF209 /* FourCharCode+Model.swift */ = {isa = PBXFileReference; lastKnownFileType = sourcecode.swift; path = "FourCharCode+Model.swift"; sourceTree = "<group>"; };
		1400C9282F04C472001EF209 /* GIFExportError+Model.swift */ = {isa = PBXFileReference; lastKnownFileType = sourcecode.swift; path = "GIFExportError+Model.swift"; sourceTree = "<group>"; };
		1400C9292F04C472001EF209 /* RecentFilesManager+Model.swift */ = {isa = PBXFileReference; lastKnownFileType = sourcecode.swift; path = "RecentFilesManager+Model.swift"; sourceTree = "<group>"; };
		1400C92A2F04C472001EF209 /* RecordingError+Model.swift */ = {isa = PBXFileReference; lastKnownFileType = sourcecode.swift; path = "RecordingError+Model.swift"; sourceTree = "<group>"; };
		1400C92B2F04C472001EF209 /* RecordingQuality+Model.swift */ = {isa = PBXFileReference; lastKnownFileType = sourcecode.swift; path = "RecordingQuality+Model.swift"; sourceTree = "<group>"; };
		1400C92D2F04C472001EF209 /* RoundedCornerShape+Model.swift */ = {isa = PBXFileReference; lastKnownFileType = sourcecode.swift; path = "RoundedCornerShape+Model.swift"; sourceTree = "<group>"; };
		1400C92E2F04C472001EF209 /* VideoBitrate+Model.swift */ = {isa = PBXFileReference; lastKnownFileType = sourcecode.swift; path = "VideoBitrate+Model.swift"; sourceTree = "<group>"; };
		1400C92F2F04C472001EF209 /* VideoCodec+Model.swift */ = {isa = PBXFileReference; lastKnownFileType = sourcecode.swift; path = "VideoCodec+Model.swift"; sourceTree = "<group>"; };
		1400C9302F04C472001EF209 /* VideoDocument+Model.swift */ = {isa = PBXFileReference; lastKnownFileType = sourcecode.swift; path = "VideoDocument+Model.swift"; sourceTree = "<group>"; };
		1400C9312F04C472001EF209 /* VideoEditorError+Model.swift */ = {isa = PBXFileReference; lastKnownFileType = sourcecode.swift; path = "VideoEditorError+Model.swift"; sourceTree = "<group>"; };
		144E65E62F09619C00D044AD /* NewFileButton.swift */ = {isa = PBXFileReference; lastKnownFileType = sourcecode.swift; path = NewFileButton.swift; sourceTree = "<group>"; };
		144E65E82F0961ED00D044AD /* OpenFileOrFolderButton.swift */ = {isa = PBXFileReference; lastKnownFileType = sourcecode.swift; path = OpenFileOrFolderButton.swift; sourceTree = "<group>"; };
		144E65EA2F09624800D044AD /* WelcomeSubtitleView.swift */ = {isa = PBXFileReference; lastKnownFileType = sourcecode.swift; path = WelcomeSubtitleView.swift; sourceTree = "<group>"; };
		144E65EE2F09631100D044AD /* Bundle+Extensions.swift */ = {isa = PBXFileReference; lastKnownFileType = sourcecode.swift; path = "Bundle+Extensions.swift"; sourceTree = "<group>"; };
		144E65F02F09639F00D044AD /* AppKit+Extensions.swift */ = {isa = PBXFileReference; lastKnownFileType = sourcecode.swift; path = "AppKit+Extensions.swift"; sourceTree = "<group>"; };
		144E65F22F0964DF00D044AD /* EnvironmentValues.swift */ = {isa = PBXFileReference; lastKnownFileType = sourcecode.swift; path = EnvironmentValues.swift; sourceTree = "<group>"; };
		144E65F52F0966AB00D044AD /* DocumentController.swift */ = {isa = PBXFileReference; lastKnownFileType = sourcecode.swift; path = DocumentController.swift; sourceTree = "<group>"; };
		144E65FA2F0A538900D044AD /* Button.swift */ = {isa = PBXFileReference; lastKnownFileType = sourcecode.swift; path = Button.swift; sourceTree = "<group>"; };
		144E65FC2F0A57C600D044AD /* WelcomeButton.swift */ = {isa = PBXFileReference; lastKnownFileType = sourcecode.swift; path = WelcomeButton.swift; sourceTree = "<group>"; };
		144E65FF2F0A583500D044AD /* FocusRingModifier.swift */ = {isa = PBXFileReference; lastKnownFileType = sourcecode.swift; path = FocusRingModifier.swift; sourceTree = "<group>"; };
		144E66012F0A687100D044AD /* RectCorner+Model.swift */ = {isa = PBXFileReference; lastKnownFileType = sourcecode.swift; path = "RectCorner+Model.swift"; sourceTree = "<group>"; };
		144E66032F0A6C0D00D044AD /* Recording+Window.swift */ = {isa = PBXFileReference; lastKnownFileType = sourcecode.swift; path = "Recording+Window.swift"; sourceTree = "<group>"; };
		145D15E12F1D37EB00F8A4BB /* DeviceInfo+Model.swift */ = {isa = PBXFileReference; lastKnownFileType = sourcecode.swift; path = "DeviceInfo+Model.swift"; sourceTree = "<group>"; };
		145D15E32F1D390D00F8A4BB /* CaptureStatus+Model.swift */ = {isa = PBXFileReference; lastKnownFileType = sourcecode.swift; path = "CaptureStatus+Model.swift"; sourceTree = "<group>"; };
		145D15E52F1D393F00F8A4BB /* CaptureEngine+Actor.swift */ = {isa = PBXFileReference; lastKnownFileType = sourcecode.swift; path = "CaptureEngine+Actor.swift"; sourceTree = "<group>"; };
		145D15E82F1D3F0000F8A4BB /* AVCapture+Delegate.swift */ = {isa = PBXFileReference; lastKnownFileType = sourcecode.swift; path = "AVCapture+Delegate.swift"; sourceTree = "<group>"; };
		146CAEC12F1966880021CE3A /* FloatingPanel.swift */ = {isa = PBXFileReference; lastKnownFileType = sourcecode.swift; path = FloatingPanel.swift; sourceTree = "<group>"; };
		146CAEC42F1AD6E60021CE3A /* General+Command.swift */ = {isa = PBXFileReference; lastKnownFileType = sourcecode.swift; path = "General+Command.swift"; sourceTree = "<group>"; };
		146CAEC62F1ADAF40021CE3A /* Video+Command.swift */ = {isa = PBXFileReference; lastKnownFileType = sourcecode.swift; path = "Video+Command.swift"; sourceTree = "<group>"; };
		146CAEC82F1C7EAE0021CE3A /* CameraInfo+Model.swift */ = {isa = PBXFileReference; lastKnownFileType = sourcecode.swift; path = "CameraInfo+Model.swift"; sourceTree = "<group>"; };
		146CAECA2F1C7EEF0021CE3A /* MicrophoneInfo+Model.swift */ = {isa = PBXFileReference; lastKnownFileType = sourcecode.swift; path = "MicrophoneInfo+Model.swift"; sourceTree = "<group>"; };
		146CAECD2F1C80B30021CE3A /* Device+Actor.swift */ = {isa = PBXFileReference; lastKnownFileType = sourcecode.swift; path = "Device+Actor.swift"; sourceTree = "<group>"; };
		146E4F0A2F0A830000AA07CC /* VIRecordingView.swift */ = {isa = PBXFileReference; lastKnownFileType = sourcecode.swift; path = VIRecordingView.swift; sourceTree = "<group>"; };
		146E4F0F2F0AA8B900AA07CC /* VECameraCaptureView.swift */ = {isa = PBXFileReference; lastKnownFileType = sourcecode.swift; path = VECameraCaptureView.swift; sourceTree = "<group>"; };
		146E4F112F0B5DA900AA07CC /* CameraCaptureView.swift */ = {isa = PBXFileReference; lastKnownFileType = sourcecode.swift; path = CameraCaptureView.swift; sourceTree = "<group>"; };
		146E4F132F0D66EB00AA07CC /* AppIcon.icon */ = {isa = PBXFileReference; lastKnownFileType = folder.iconcomposer.icon; path = AppIcon.icon; sourceTree = "<group>"; };
		146E4F182F0DA45E00AA07CC /* RecordButton.swift */ = {isa = PBXFileReference; lastKnownFileType = sourcecode.swift; path = RecordButton.swift; sourceTree = "<group>"; };
		146E4F1A2F0DE4F200AA07CC /* Button+ViewModifier.swift */ = {isa = PBXFileReference; lastKnownFileType = sourcecode.swift; path = "Button+ViewModifier.swift"; sourceTree = "<group>"; };
		148AAC532F073A300087D649 /* AVFoundation+Extensions.swift */ = {isa = PBXFileReference; lastKnownFileType = sourcecode.swift; path = "AVFoundation+Extensions.swift"; sourceTree = "<group>"; };
		148AAC542F073A300087D649 /* Foundation+Extensions.swift */ = {isa = PBXFileReference; lastKnownFileType = sourcecode.swift; path = "Foundation+Extensions.swift"; sourceTree = "<group>"; };
		148AAC552F073A300087D649 /* NSImage+Extensions.swift */ = {isa = PBXFileReference; lastKnownFileType = sourcecode.swift; path = "NSImage+Extensions.swift"; sourceTree = "<group>"; };
		148AAC562F073A300087D649 /* SwiftUI+Extensions.swift */ = {isa = PBXFileReference; lastKnownFileType = sourcecode.swift; path = "SwiftUI+Extensions.swift"; sourceTree = "<group>"; };
		148AAC5D2F073CA10087D649 /* MouseVisualizerSettingsView.swift */ = {isa = PBXFileReference; lastKnownFileType = sourcecode.swift; path = MouseVisualizerSettingsView.swift; sourceTree = "<group>"; };
		148AAC5F2F0742700087D649 /* NamePrintable+Extensions.swift */ = {isa = PBXFileReference; lastKnownFileType = sourcecode.swift; path = "NamePrintable+Extensions.swift"; sourceTree = "<group>"; };
		148AAC672F07854A0087D649 /* Constants.swift */ = {isa = PBXFileReference; lastKnownFileType = sourcecode.swift; path = Constants.swift; sourceTree = "<group>"; };
		148AAC692F078B610087D649 /* ScreenRecorderView.swift */ = {isa = PBXFileReference; lastKnownFileType = sourcecode.swift; path = ScreenRecorderView.swift; sourceTree = "<group>"; };
		148AAC6B2F07939E0087D649 /* View+Modifiers.swift */ = {isa = PBXFileReference; lastKnownFileType = sourcecode.swift; path = "View+Modifiers.swift"; sourceTree = "<group>"; };
		148AAC6D2F0793C00087D649 /* View+NSViewRepresentable.swift */ = {isa = PBXFileReference; lastKnownFileType = sourcecode.swift; path = "View+NSViewRepresentable.swift"; sourceTree = "<group>"; };
		148B59442F1E9D1D00F840BF /* AppState+Extensions.swift */ = {isa = PBXFileReference; lastKnownFileType = sourcecode.swift; path = "AppState+Extensions.swift"; sourceTree = "<group>"; };
		148B59522F213BB600F840BF /* CaptureService.swift */ = {isa = PBXFileReference; lastKnownFileType = sourcecode.swift; path = CaptureService.swift; sourceTree = "<group>"; };
		148B59542F213BEA00F840BF /* CameraModel.swift */ = {isa = PBXFileReference; lastKnownFileType = sourcecode.swift; path = CameraModel.swift; sourceTree = "<group>"; };
		148B59562F213C6300F840BF /* DeviceLookup.swift */ = {isa = PBXFileReference; lastKnownFileType = sourcecode.swift; path = DeviceLookup.swift; sourceTree = "<group>"; };
		148B59572F213C6300F840BF /* MovieCapture.swift */ = {isa = PBXFileReference; lastKnownFileType = sourcecode.swift; path = MovieCapture.swift; sourceTree = "<group>"; };
		148B59582F213C6300F840BF /* PhotoCapture.swift */ = {isa = PBXFileReference; lastKnownFileType = sourcecode.swift; path = PhotoCapture.swift; sourceTree = "<group>"; };
		148B59592F213C6300F840BF /* SPCObserver.swift */ = {isa = PBXFileReference; lastKnownFileType = sourcecode.swift; path = SPCObserver.swift; sourceTree = "<group>"; };
		148B595E2F213CDD00F840BF /* Camera.swift */ = {isa = PBXFileReference; lastKnownFileType = sourcecode.swift; path = Camera.swift; sourceTree = "<group>"; };
		148B595F2F213CDD00F840BF /* CameraState.swift */ = {isa = PBXFileReference; lastKnownFileType = sourcecode.swift; path = CameraState.swift; sourceTree = "<group>"; };
		148B59602F213CDD00F840BF /* DataTypes.swift */ = {isa = PBXFileReference; lastKnownFileType = sourcecode.swift; path = DataTypes.swift; sourceTree = "<group>"; };
		148B59642F213D0E00F840BF /* MediaLibrary.swift */ = {isa = PBXFileReference; lastKnownFileType = sourcecode.swift; path = MediaLibrary.swift; sourceTree = "<group>"; };
		148B59662F213D4500F840BF /* Capture+Extensions.swift */ = {isa = PBXFileReference; lastKnownFileType = sourcecode.swift; path = "Capture+Extensions.swift"; sourceTree = "<group>"; };
		148B59682F213D4500F840BF /* View+Extensions.swift */ = {isa = PBXFileReference; lastKnownFileType = sourcecode.swift; path = "View+Extensions.swift"; sourceTree = "<group>"; };
		148B596C2F2142E300F840BF /* PreviewSource.swift */ = {isa = PBXFileReference; lastKnownFileType = sourcecode.swift; path = PreviewSource.swift; sourceTree = "<group>"; };
		14972F422F0EC72A002CE41C /* View+ViewModifier.swift */ = {isa = PBXFileReference; lastKnownFileType = sourcecode.swift; path = "View+ViewModifier.swift"; sourceTree = "<group>"; };
		14972F442F10EDFF002CE41C /* TimerPicker.swift */ = {isa = PBXFileReference; lastKnownFileType = sourcecode.swift; path = TimerPicker.swift; sourceTree = "<group>"; };
		14D9D6AF2F0717AF00065B49 /* Base.swift */ = {isa = PBXFileReference; lastKnownFileType = sourcecode.swift; path = Base.swift; sourceTree = "<group>"; };
		14D9D6B12F0718AB00065B49 /* NamePrintable.swift */ = {isa = PBXFileReference; lastKnownFileType = sourcecode.swift; path = NamePrintable.swift; sourceTree = "<group>"; };
		14FC9EC32F14B1B70053C019 /* VolumeHUD.swift */ = {isa = PBXFileReference; lastKnownFileType = sourcecode.swift; path = VolumeHUD.swift; sourceTree = "<group>"; };
		14FC9EC52F156D6A0053C019 /* EditorSettingsView.swift */ = {isa = PBXFileReference; lastKnownFileType = sourcecode.swift; path = EditorSettingsView.swift; sourceTree = "<group>"; };
		14FC9EC72F16C35C0053C019 /* SettingsButton.swift */ = {isa = PBXFileReference; lastKnownFileType = sourcecode.swift; path = SettingsButton.swift; sourceTree = "<group>"; };
		14FC9ED02F16F6930053C019 /* Picker.swift */ = {isa = PBXFileReference; lastKnownFileType = sourcecode.swift; path = Picker.swift; sourceTree = "<group>"; };
		14FC9EDC2F1785C60053C019 /* Floating+Window.swift */ = {isa = PBXFileReference; lastKnownFileType = sourcecode.swift; path = "Floating+Window.swift"; sourceTree = "<group>"; };
		14FFBDB02F128F9A00B96C92 /* PlayerControlsView.swift */ = {isa = PBXFileReference; lastKnownFileType = sourcecode.swift; path = PlayerControlsView.swift; sourceTree = "<group>"; };
		14FFBDB22F12949800B96C92 /* PauseButtonView.swift */ = {isa = PBXFileReference; lastKnownFileType = sourcecode.swift; path = PauseButtonView.swift; sourceTree = "<group>"; };
		14FFBDB42F12992800B96C92 /* AudioInputView.swift */ = {isa = PBXFileReference; lastKnownFileType = sourcecode.swift; path = AudioInputView.swift; sourceTree = "<group>"; };
		14FFBDB62F12A4D200B96C92 /* VideoInputView.swift */ = {isa = PBXFileReference; lastKnownFileType = sourcecode.swift; path = VideoInputView.swift; sourceTree = "<group>"; };
		14FFBDB82F12DF0600B96C92 /* Toggle.swift */ = {isa = PBXFileReference; lastKnownFileType = sourcecode.swift; path = Toggle.swift; sourceTree = "<group>"; };
		14FFBDBA2F12E6AF00B96C92 /* Shape.swift */ = {isa = PBXFileReference; lastKnownFileType = sourcecode.swift; path = Shape.swift; sourceTree = "<group>"; };
		2000000000000001 /* VideoEditApp.swift */ = {isa = PBXFileReference; lastKnownFileType = sourcecode.swift; path = VideoEditApp.swift; sourceTree = "<group>"; };
		2000000000000002 /* ContentView.swift */ = {isa = PBXFileReference; lastKnownFileType = sourcecode.swift; path = ContentView.swift; sourceTree = "<group>"; };
		2000000000000003 /* Assets.xcassets */ = {isa = PBXFileReference; lastKnownFileType = folder.assetcatalog; path = Assets.xcassets; sourceTree = "<group>"; };
		2000000000000005 /* ScreenRecorder.swift */ = {isa = PBXFileReference; lastKnownFileType = sourcecode.swift; path = ScreenRecorder.swift; sourceTree = "<group>"; };
		2000000000000006 /* VideoEditor.swift */ = {isa = PBXFileReference; lastKnownFileType = sourcecode.swift; path = VideoEditor.swift; sourceTree = "<group>"; };
		2000000000000007 /* GIFExporter.swift */ = {isa = PBXFileReference; lastKnownFileType = sourcecode.swift; path = GIFExporter.swift; sourceTree = "<group>"; };
		2000000000000010 /* MouseClickVisualizer.swift */ = {isa = PBXFileReference; lastKnownFileType = sourcecode.swift; path = MouseClickVisualizer.swift; sourceTree = "<group>"; };
		2000000000000011 /* VideoEdit.entitlements */ = {isa = PBXFileReference; lastKnownFileType = text.plist.entitlements; path = VideoEdit.entitlements; sourceTree = "<group>"; };
		2000000000000012 /* Info.plist */ = {isa = PBXFileReference; lastKnownFileType = text.plist.xml; path = Info.plist; sourceTree = "<group>"; };
		3000000000000001 /* VideoEdit.app */ = {isa = PBXFileReference; explicitFileType = wrapper.application; includeInIndex = 0; path = VideoEdit.app; sourceTree = BUILT_PRODUCTS_DIR; };
/* End PBXFileReference section */

/* Begin PBXFrameworksBuildPhase section */
		4000000000000001 /* Frameworks */ = {
			isa = PBXFrameworksBuildPhase;
			files = (
				14D9D6A92F05974400065B49 /* SwiftDiagnostics in Frameworks */,
				148AAC632F075CBD0087D649 /* CombineAsync in Frameworks */,
				146E4F092F0A7CC200AA07CC /* Onboarding in Frameworks */,
				144E66072F0A70DD00D044AD /* Onboarding in Frameworks */,
				14D9D6AB2F05974400065B49 /* SwiftIDEUtils in Frameworks */,
				144E65E22F094FA400D044AD /* WelcomeWindow in Frameworks */,
				146CAEC02F1949200021CE3A /* SFSafeSymbols in Frameworks */,
				146E4EFA2F0A7C0000AA07CC /* SwiftCompilerPlugin in Frameworks */,
				14D9D6AD2F05974400065B49 /* SwiftIfConfig in Frameworks */,
				146E4F062F0A7C2800AA07CC /* CombineAsync in Frameworks */,
				144E65E52F09556E00D044AD /* Onboarding in Frameworks */,
				14D9D6A72F05974400065B49 /* SwiftCompilerPlugin in Frameworks */,
				14FC9ED92F16FB760053C019 /* EngineCoreC in Frameworks */,
				146E4F002F0A7C0000AA07CC /* SwiftIfConfig in Frameworks */,
				14FC9EE02F19158D0053C019 /* SwiftUIIntrospect in Frameworks */,
				146E4F0E2F0A8DE900AA07CC /* VideoEditorCore in Frameworks */,
				146E4F172F0DA03700AA07CC /* Pow in Frameworks */,
				14FC9EDB2F16FB760053C019 /* EngineMacros in Frameworks */,
				146E4EFC2F0A7C0000AA07CC /* SwiftDiagnostics in Frameworks */,
				146E4EF82F0A7C0000AA07CC /* SwiftBasicFormat in Frameworks */,
				14FFBDBE2F13194A00B96C92 /* Shimmer in Frameworks */,
				146E4EFE2F0A7C0000AA07CC /* SwiftIDEUtils in Frameworks */,
				146E4F032F0A7C1400AA07CC /* WelcomeWindow in Frameworks */,
				14FC9ED72F16FB750053C019 /* EngineCore in Frameworks */,
				14D9D6A52F05974400065B49 /* SwiftBasicFormat in Frameworks */,
				14FC9ED52F16FB750053C019 /* Engine in Frameworks */,
			);
		};
/* End PBXFrameworksBuildPhase section */

/* Begin PBXGroup section */
		1400C8CD2F04C2A5001EF209 /* Camera */ = {
			isa = PBXGroup;
			children = (
				1400C8CA2F04C2A5001EF209 /* CameraManager.swift */,
				1400C8CB2F04C2A5001EF209 /* CameraOverlayView.swift */,
				1400C8CC2F04C2A5001EF209 /* CameraPreviewView.swift */,
				146E4F0F2F0AA8B900AA07CC /* VECameraCaptureView.swift */,
				146E4F112F0B5DA900AA07CC /* CameraCaptureView.swift */,
			);
			path = Camera;
			sourceTree = "<group>";
		};
		1400C8D92F04C2A5001EF209 /* Components */ = {
			isa = PBXGroup;
			children = (
				14FC9EC32F14B1B70053C019 /* VolumeHUD.swift */,
				14972F442F10EDFF002CE41C /* TimerPicker.swift */,
				144E65FC2F0A57C600D044AD /* WelcomeButton.swift */,
				144E65EA2F09624800D044AD /* WelcomeSubtitleView.swift */,
				144E65E82F0961ED00D044AD /* OpenFileOrFolderButton.swift */,
				144E65E62F09619C00D044AD /* NewFileButton.swift */,
				1400C8CE2F04C2A5001EF209 /* AspectRatioButton.swift */,
				1400C8CF2F04C2A5001EF209 /* CaptureModeButton.swift */,
				1400C8D02F04C2A5001EF209 /* EditorToolbar.swift */,
				1400C8D12F04C2A5001EF209 /* FormatButton.swift */,
				1400C8D22F04C2A5001EF209 /* InfoRow.swift */,
				1400C8D32F04C2A5001EF209 /* PlaybackControls.swift */,
				1400C8D42F04C2A5001EF209 /* PresetButton.swift */,
				1400C8D52F04C2A5001EF209 /* QuickActionButton.swift */,
				1400C8D62F04C2A5001EF209 /* ShortcutRow.swift */,
				1400C8D72F04C2A5001EF209 /* TimeInputField.swift */,
				1400C8D82F04C2A5001EF209 /* ToolButton.swift */,
				146E4F182F0DA45E00AA07CC /* RecordButton.swift */,
				14FFBDB02F128F9A00B96C92 /* PlayerControlsView.swift */,
				14FFBDB22F12949800B96C92 /* PauseButtonView.swift */,
				14FFBDB42F12992800B96C92 /* AudioInputView.swift */,
				14FFBDB62F12A4D200B96C92 /* VideoInputView.swift */,
				14FC9EC52F156D6A0053C019 /* EditorSettingsView.swift */,
				14FC9EC72F16C35C0053C019 /* SettingsButton.swift */,
				146CAEC12F1966880021CE3A /* FloatingPanel.swift */,
			);
			path = Components;
			sourceTree = "<group>";
		};
		1400C8DD2F04C2A5001EF209 /* Crop */ = {
			isa = PBXGroup;
			children = (
				1400C8DA2F04C2A5001EF209 /* CropHandleView.swift */,
				1400C8DB2F04C2A5001EF209 /* CropOverlay.swift */,
				1400C8DC2F04C2A5001EF209 /* CropView.swift */,
			);
			path = Crop;
			sourceTree = "<group>";
		};
		1400C8DF2F04C2A5001EF209 /* Export */ = {
			isa = PBXGroup;
			children = (
				1400C8DE2F04C2A5001EF209 /* ExportView.swift */,
			);
			path = Export;
			sourceTree = "<group>";
		};
		1400C8E42F04C2A5001EF209 /* Recording */ = {
			isa = PBXGroup;
			children = (
				1400C8E02F04C2A5001EF209 /* RecordingInProgressView.swift */,
				1400C8E22F04C2A5001EF209 /* RecordingSetupView.swift */,
				1400C8E32F04C2A5001EF209 /* RecordingView.swift */,
				148AAC692F078B610087D649 /* ScreenRecorderView.swift */,
				146E4F0A2F0A830000AA07CC /* VIRecordingView.swift */,
			);
			path = Recording;
			sourceTree = "<group>";
		};
		1400C8EB2F04C2A5001EF209 /* Settings */ = {
			isa = PBXGroup;
			children = (
				148AAC5D2F073CA10087D649 /* MouseVisualizerSettingsView.swift */,
				1400C8E52F04C2A5001EF209 /* AboutSettingsView.swift */,
				1400C8E12F04C2A5001EF209 /* RecordingSettingsView.swift */,
				1400C8E62F04C2A5001EF209 /* CameraSettingsView.swift */,
				1400C8E72F04C2A5001EF209 /* ExportSettingsView.swift */,
				1400C8E82F04C2A5001EF209 /* GeneralSettingsView.swift */,
				1400C8E92F04C2A5001EF209 /* SettingsView.swift */,
				1400C8EA2F04C2A5001EF209 /* ShortcutsSettingsView.swift */,
			);
			path = Settings;
			sourceTree = "<group>";
		};
		1400C8ED2F04C2A5001EF209 /* Sidebar */ = {
			isa = PBXGroup;
			children = (
				1400C8EC2F04C2A5001EF209 /* SidebarContent.swift */,
			);
			path = Sidebar;
			sourceTree = "<group>";
		};
		1400C8EF2F04C2A5001EF209 /* Trim */ = {
			isa = PBXGroup;
			children = (
				1400C8EE2F04C2A5001EF209 /* TrimView.swift */,
			);
			path = Trim;
			sourceTree = "<group>";
		};
		1400C8F42F04C2A5001EF209 /* VideoPlayer */ = {
			isa = PBXGroup;
			children = (
				1400C8F02F04C2A5001EF209 /* VideoInfoSection.swift */,
				1400C8F12F04C2A5001EF209 /* VideoPlayerManager.swift */,
				1400C8F22F04C2A5001EF209 /* VideoPlayerView.swift */,
				1400C8F32F04C2A5001EF209 /* VideoTimeline.swift */,
			);
			path = VideoPlayer;
			sourceTree = "<group>";
		};
		1400C8F62F04C2A5001EF209 /* Views */ = {
			isa = PBXGroup;
			children = (
				144E65FE2F0A582A00D044AD /* Modifiers */,
				144E65F92F0A537F00D044AD /* Styles */,
				1400C8CD2F04C2A5001EF209 /* Camera */,
				1400C8D92F04C2A5001EF209 /* Components */,
				1400C8DD2F04C2A5001EF209 /* Crop */,
				1400C8DF2F04C2A5001EF209 /* Export */,
				1400C8E42F04C2A5001EF209 /* Recording */,
				1400C8EB2F04C2A5001EF209 /* Settings */,
				1400C8ED2F04C2A5001EF209 /* Sidebar */,
				1400C8EF2F04C2A5001EF209 /* Trim */,
				1400C8F42F04C2A5001EF209 /* VideoPlayer */,
			);
			path = Views;
			sourceTree = "<group>";
		};
		144E65F42F0966A100D044AD /* Controllers */ = {
			isa = PBXGroup;
			children = (
				144E65F52F0966AB00D044AD /* DocumentController.swift */,
			);
			path = Controllers;
			sourceTree = "<group>";
		};
		144E65F92F0A537F00D044AD /* Styles */ = {
			isa = PBXGroup;
			children = (
				14FC9ED02F16F6930053C019 /* Picker.swift */,
				14FFBDBA2F12E6AF00B96C92 /* Shape.swift */,
				14FFBDB82F12DF0600B96C92 /* Toggle.swift */,
				144E65FA2F0A538900D044AD /* Button.swift */,
			);
			path = Styles;
			sourceTree = "<group>";
		};
		144E65FE2F0A582A00D044AD /* Modifiers */ = {
			isa = PBXGroup;
			children = (
				14972F422F0EC72A002CE41C /* View+ViewModifier.swift */,
				144E65FF2F0A583500D044AD /* FocusRingModifier.swift */,
				146E4F1A2F0DE4F200AA07CC /* Button+ViewModifier.swift */,
			);
			path = Modifiers;
			sourceTree = "<group>";
		};
		145D15E72F1D3EE500F8A4BB /* Delegates */ = {
			isa = PBXGroup;
			children = (
				145D15E82F1D3F0000F8A4BB /* AVCapture+Delegate.swift */,
			);
			path = Delegates;
			sourceTree = "<group>";
		};
		146CAEC32F1AD69D0021CE3A /* Commands */ = {
			isa = PBXGroup;
			children = (
				146CAEC62F1ADAF40021CE3A /* Video+Command.swift */,
				146CAEC42F1AD6E60021CE3A /* General+Command.swift */,
			);
			path = Commands;
			sourceTree = "<group>";
		};
		146CAECC2F1C80A10021CE3A /* Actors */ = {
			isa = PBXGroup;
			children = (
				148B59522F213BB600F840BF /* CaptureService.swift */,
				145D15E52F1D393F00F8A4BB /* CaptureEngine+Actor.swift */,
				146CAECD2F1C80B30021CE3A /* Device+Actor.swift */,
			);
			path = Actors;
			sourceTree = "<group>";
		};
		148AAC642F0784CF0087D649 /* Windows */ = {
			isa = PBXGroup;
			children = (
				1400C8F52F04C2A5001EF209 /* Welcome+Window.swift */,
				144E66032F0A6C0D00D044AD /* Recording+Window.swift */,
				14FC9EDC2F1785C60053C019 /* Floating+Window.swift */,
			);
			path = Windows;
			sourceTree = "<group>";
		};
		14D9D6AE2F0717A100065B49 /* Protocols */ = {
			isa = PBXGroup;
			children = (
				14D9D6B12F0718AB00065B49 /* NamePrintable.swift */,
				14D9D6AF2F0717AF00065B49 /* Base.swift */,
			);
			path = Protocols;
			sourceTree = "<group>";
		};
		14D9D6B32F07191000065B49 /* Extensions */ = {
			isa = PBXGroup;
			children = (
				148B59662F213D4500F840BF /* Capture+Extensions.swift */,
				148B59682F213D4500F840BF /* View+Extensions.swift */,
				148B59442F1E9D1D00F840BF /* AppState+Extensions.swift */,
				144E65F02F09639F00D044AD /* AppKit+Extensions.swift */,
				148AAC5F2F0742700087D649 /* NamePrintable+Extensions.swift */,
				148AAC532F073A300087D649 /* AVFoundation+Extensions.swift */,
				148AAC542F073A300087D649 /* Foundation+Extensions.swift */,
				144E65EE2F09631100D044AD /* Bundle+Extensions.swift */,
				148AAC552F073A300087D649 /* NSImage+Extensions.swift */,
				148AAC562F073A300087D649 /* SwiftUI+Extensions.swift */,
			);
			path = Extensions;
			sourceTree = "<group>";
		};
		14FC9ED32F16FB750053C019 /* Frameworks */ = {
			isa = PBXGroup;
			children = (
			);
			name = Frameworks;
			sourceTree = "<group>";
		};
		5000000000000001 = {
			isa = PBXGroup;
			children = (
				146E4F132F0D66EB00AA07CC /* AppIcon.icon */,
				5000000000000002 /* VideoEdit */,
				14FC9ED32F16FB750053C019 /* Frameworks */,
				5000000000000003 /* Products */,
			);
			sourceTree = "<group>";
		};
		5000000000000002 /* VideoEdit */ = {
			isa = PBXGroup;
			children = (
				145D15E72F1D3EE500F8A4BB /* Delegates */,
				146CAECC2F1C80A10021CE3A /* Actors */,
				146CAEC32F1AD69D0021CE3A /* Commands */,
				144E65F42F0966A100D044AD /* Controllers */,
				148AAC642F0784CF0087D649 /* Windows */,
				2000000000000011 /* VideoEdit.entitlements */,
				2000000000000012 /* Info.plist */,
				2000000000000001 /* VideoEditApp.swift */,
				148AAC672F07854A0087D649 /* Constants.swift */,
				2000000000000002 /* ContentView.swift */,
				2000000000000003 /* Assets.xcassets */,
				14D9D6B32F07191000065B49 /* Extensions */,
				5000000000000005 /* Models */,
				14D9D6AE2F0717A100065B49 /* Protocols */,
				5000000000000006 /* Utilities */,
				1400C8F62F04C2A5001EF209 /* Views */,
			);
			path = VideoEdit;
			sourceTree = "<group>";
		};
		5000000000000003 /* Products */ = {
			isa = PBXGroup;
			children = (
				3000000000000001 /* VideoEdit.app */,
			);
			name = Products;
			sourceTree = "<group>";
		};
		5000000000000005 /* Models */ = {
			isa = PBXGroup;
			children = (
				148B595E2F213CDD00F840BF /* Camera.swift */,
				148B59642F213D0E00F840BF /* MediaLibrary.swift */,
				148B595F2F213CDD00F840BF /* CameraState.swift */,
				148B59602F213CDD00F840BF /* DataTypes.swift */,
				148B59542F213BEA00F840BF /* CameraModel.swift */,
				145D15E32F1D390D00F8A4BB /* CaptureStatus+Model.swift */,
				145D15E12F1D37EB00F8A4BB /* DeviceInfo+Model.swift */,
				146CAECA2F1C7EEF0021CE3A /* MicrophoneInfo+Model.swift */,
				146CAEC82F1C7EAE0021CE3A /* CameraInfo+Model.swift */,
				1400C91A2F04C472001EF209 /* AspectRatio+Model.swift */,
				1400C91B2F04C472001EF209 /* CameraPosition+Model.swift */,
				1400C91C2F04C472001EF209 /* CameraShape+Model.swift */,
				1400C91D2F04C472001EF209 /* CameraSize+Model.swift */,
				1400C91E2F04C472001EF209 /* CaptureMode+Model.swift */,
				1400C91F2F04C472001EF209 /* ClickEvent+Model.swift */,
				1400C9202F04C472001EF209 /* CropHandle+Model.swift */,
				1400C9212F04C472001EF209 /* EditingTool+Model.swift */,
				1400C9222F04C472001EF209 /* ExportFormat+Model.swift */,
				1400C9232F04C472001EF209 /* ExportPreset+Model.swift */,
				1400C9242F04C472001EF209 /* ExportQuality+Model.swift */,
				1400C9252F04C472001EF209 /* ExportResolution+Model.swift */,
				1400C9262F04C472001EF209 /* ExportSettings+Model.swift */,
				1400C9272F04C472001EF209 /* FourCharCode+Model.swift */,
				1400C9282F04C472001EF209 /* GIFExportError+Model.swift */,
				1400C9292F04C472001EF209 /* RecentFilesManager+Model.swift */,
				1400C92A2F04C472001EF209 /* RecordingError+Model.swift */,
				1400C92B2F04C472001EF209 /* RecordingQuality+Model.swift */,
				144E66012F0A687100D044AD /* RectCorner+Model.swift */,
				1400C92D2F04C472001EF209 /* RoundedCornerShape+Model.swift */,
				1400C92E2F04C472001EF209 /* VideoBitrate+Model.swift */,
				1400C92F2F04C472001EF209 /* VideoCodec+Model.swift */,
				1400C9302F04C472001EF209 /* VideoDocument+Model.swift */,
				1400C9312F04C472001EF209 /* VideoEditorError+Model.swift */,
			);
			path = Models;
			sourceTree = "<group>";
		};
		5000000000000006 /* Utilities */ = {
			isa = PBXGroup;
			children = (
				148B596C2F2142E300F840BF /* PreviewSource.swift */,
				148B59562F213C6300F840BF /* DeviceLookup.swift */,
				148B59572F213C6300F840BF /* MovieCapture.swift */,
				148B59582F213C6300F840BF /* PhotoCapture.swift */,
				148B59592F213C6300F840BF /* SPCObserver.swift */,
				144E65F22F0964DF00D044AD /* EnvironmentValues.swift */,
				148AAC6D2F0793C00087D649 /* View+NSViewRepresentable.swift */,
				148AAC6B2F07939E0087D649 /* View+Modifiers.swift */,
				2000000000000005 /* ScreenRecorder.swift */,
				2000000000000006 /* VideoEditor.swift */,
				2000000000000007 /* GIFExporter.swift */,
				2000000000000010 /* MouseClickVisualizer.swift */,
			);
			path = Utilities;
			sourceTree = "<group>";
		};
/* End PBXGroup section */

/* Begin PBXNativeTarget section */
		6000000000000001 /* VideoEdit */ = {
			isa = PBXNativeTarget;
			buildConfigurationList = 7000000000000003 /* Build configuration list for PBXNativeTarget "VideoEdit" */;
			buildPhases = (
				6000000000000002 /* Sources */,
				4000000000000001 /* Frameworks */,
				6000000000000003 /* Resources */,
			);
			buildRules = (
			);
			name = VideoEdit;
			packageProductDependencies = (
				14FFBDBD2F13194A00B96C92 /* Shimmer */,
				14FC9ED42F16FB750053C019 /* Engine */,
				14FC9ED62F16FB750053C019 /* EngineCore */,
				14FC9ED82F16FB760053C019 /* EngineCoreC */,
				14FC9EDA2F16FB760053C019 /* EngineMacros */,
				14FC9EDF2F19158D0053C019 /* SwiftUIIntrospect */,
				146CAEBF2F1949200021CE3A /* SFSafeSymbols */,
			);
			productName = Claquette;
			productReference = 3000000000000001 /* VideoEdit.app */;
			productType = "com.apple.product-type.application";
		};
/* End PBXNativeTarget section */

/* Begin PBXProject section */
		8000000000000001 /* Project object */ = {
			isa = PBXProject;
			attributes = {
				BuildIndependentTargetsInParallel = 1;
				KnownAssetTags = (
					appIcon,
				);
				LastSwiftUpdateCheck = 1500;
				LastUpgradeCheck = 2620;
				TargetAttributes = {
					6000000000000001 = {
						CreatedOnToolsVersion = 15.0;
					};
				};
			};
			buildConfigurationList = 7000000000000001 /* Build configuration list for PBXProject "VideoEdit" */;
			developmentRegion = en;
			hasScannedForEncodings = 0;
			knownRegions = (
				en,
				Base,
			);
			mainGroup = 5000000000000001;
			minimizedProjectReferenceProxies = 1;
			packageReferences = (
				146E4EF62F0A7C0000AA07CC /* XCRemoteSwiftPackageReference "swift-syntax" */,
				146E4F012F0A7C1400AA07CC /* XCRemoteSwiftPackageReference "WelcomeWindow" */,
				146E4F042F0A7C2800AA07CC /* XCRemoteSwiftPackageReference "CombineAsync" */,
				146E4F072F0A7CC200AA07CC /* XCRemoteSwiftPackageReference "Onboarding" */,
				146E4F0C2F0A8DE900AA07CC /* XCRemoteSwiftPackageReference "capcutsdk" */,
				146E4F152F0DA03700AA07CC /* XCRemoteSwiftPackageReference "Pow" */,
				14FFBDBC2F13194A00B96C92 /* XCRemoteSwiftPackageReference "SwiftUI-Shimmer" */,
				14FC9ED22F16F8660053C019 /* XCRemoteSwiftPackageReference "Engine" */,
				14FC9EDE2F19158D0053C019 /* XCRemoteSwiftPackageReference "swiftui-introspect" */,
				146CAEBE2F1949200021CE3A /* XCRemoteSwiftPackageReference "SFSafeSymbols" */,
			);
			preferredProjectObjectVersion = 90;
			productRefGroup = 5000000000000003 /* Products */;
			projectDirPath = "";
			projectRoot = "";
			targets = (
				6000000000000001 /* VideoEdit */,
			);
		};
/* End PBXProject section */

/* Begin PBXResourcesBuildPhase section */
		6000000000000003 /* Resources */ = {
			isa = PBXResourcesBuildPhase;
			files = (
				146E4F142F0D66EB00AA07CC /* AppIcon.icon in Resources */,
				1000000000000003 /* Assets.xcassets in Resources */,
			);
		};
/* End PBXResourcesBuildPhase section */

/* Begin PBXSourcesBuildPhase section */
		6000000000000002 /* Sources */ = {
			isa = PBXSourcesBuildPhase;
			files = (
				148AAC572F073A300087D649 /* AVFoundation+Extensions.swift in Sources */,
				148AAC582F073A300087D649 /* NSImage+Extensions.swift in Sources */,
				148AAC592F073A300087D649 /* SwiftUI+Extensions.swift in Sources */,
				146E4F192F0DA45E00AA07CC /* RecordButton.swift in Sources */,
				148AAC5A2F073A300087D649 /* Foundation+Extensions.swift in Sources */,
				1400C9332F04C472001EF209 /* VideoBitrate+Model.swift in Sources */,
				1400C9342F04C472001EF209 /* ExportResolution+Model.swift in Sources */,
				1400C9352F04C472001EF209 /* EditingTool+Model.swift in Sources */,
				144E65EB2F09624800D044AD /* WelcomeSubtitleView.swift in Sources */,
				146E4F122F0B5DA900AA07CC /* CameraCaptureView.swift in Sources */,
				1400C9362F04C472001EF209 /* RecordingQuality+Model.swift in Sources */,
				1400C9372F04C472001EF209 /* CameraSize+Model.swift in Sources */,
				14FC9EC62F156D6A0053C019 /* EditorSettingsView.swift in Sources */,
				146E4F0B2F0A830000AA07CC /* VIRecordingView.swift in Sources */,
				1400C9382F04C472001EF209 /* GIFExportError+Model.swift in Sources */,
				1400C9392F04C472001EF209 /* ExportQuality+Model.swift in Sources */,
				145D15E22F1D37FD00F8A4BB /* DeviceInfo+Model.swift in Sources */,
				1400C93A2F04C472001EF209 /* RecordingError+Model.swift in Sources */,
				1400C93C2F04C472001EF209 /* CameraPosition+Model.swift in Sources */,
				145D15E62F1D394E00F8A4BB /* CaptureEngine+Actor.swift in Sources */,
				14FFBDBB2F12E6B200B96C92 /* Shape.swift in Sources */,
				146E4F102F0AA8B900AA07CC /* VECameraCaptureView.swift in Sources */,
				1400C93D2F04C472001EF209 /* VideoEditorError+Model.swift in Sources */,
				14FFBDB32F12949800B96C92 /* PauseButtonView.swift in Sources */,
				1400C93E2F04C472001EF209 /* ClickEvent+Model.swift in Sources */,
				1400C93F2F04C472001EF209 /* VideoDocument+Model.swift in Sources */,
				1400C9412F04C472001EF209 /* ExportPreset+Model.swift in Sources */,
				1400C9422F04C472001EF209 /* CameraShape+Model.swift in Sources */,
				1400C9432F04C472001EF209 /* AspectRatio+Model.swift in Sources */,
				144E66042F0A6C0D00D044AD /* Recording+Window.swift in Sources */,
				144E66002F0A583500D044AD /* FocusRingModifier.swift in Sources */,
				146CAECB2F1C7EF40021CE3A /* MicrophoneInfo+Model.swift in Sources */,
				1400C9442F04C472001EF209 /* RoundedCornerShape+Model.swift in Sources */,
				148B59452F1E9D3100F840BF /* AppState+Extensions.swift in Sources */,
				146CAEC22F1966880021CE3A /* FloatingPanel.swift in Sources */,
				1400C9452F04C472001EF209 /* VideoCodec+Model.swift in Sources */,
				1400C9462F04C472001EF209 /* ExportSettings+Model.swift in Sources */,
				1400C9472F04C472001EF209 /* CropHandle+Model.swift in Sources */,
				145D15E42F1D392100F8A4BB /* CaptureStatus+Model.swift in Sources */,
				1400C9482F04C472001EF209 /* FourCharCode+Model.swift in Sources */,
				1400C9492F04C472001EF209 /* RecentFilesManager+Model.swift in Sources */,
				1400C94A2F04C472001EF209 /* CaptureMode+Model.swift in Sources */,
				148AAC5E2F073CB60087D649 /* MouseVisualizerSettingsView.swift in Sources */,
				148AAC6A2F078B610087D649 /* ScreenRecorderView.swift in Sources */,
				144E65E92F0961ED00D044AD /* OpenFileOrFolderButton.swift in Sources */,
				1400C94B2F04C472001EF209 /* ExportFormat+Model.swift in Sources */,
				1000000000000001 /* VideoEditApp.swift in Sources */,
				14FC9EC42F14B1C20053C019 /* VolumeHUD.swift in Sources */,
				1000000000000002 /* ContentView.swift in Sources */,
				1000000000000005 /* ScreenRecorder.swift in Sources */,
				14FC9EC82F16C35C0053C019 /* SettingsButton.swift in Sources */,
				1000000000000006 /* VideoEditor.swift in Sources */,
				1000000000000007 /* GIFExporter.swift in Sources */,
				1400C8F72F04C2A5001EF209 /* Welcome+Window.swift in Sources */,
				1400C8F82F04C2A5001EF209 /* TrimView.swift in Sources */,
				1400C8F92F04C2A5001EF209 /* QuickActionButton.swift in Sources */,
				144E65EF2F09632900D044AD /* Bundle+Extensions.swift in Sources */,
				1400C8FA2F04C2A5001EF209 /* ExportView.swift in Sources */,
				14FFBDB52F12992800B96C92 /* AudioInputView.swift in Sources */,
				148B59612F213CDD00F840BF /* DataTypes.swift in Sources */,
				148B59622F213CDD00F840BF /* Camera.swift in Sources */,
				148B59632F213CDD00F840BF /* CameraState.swift in Sources */,
				14FFBDB12F128F9A00B96C92 /* PlayerControlsView.swift in Sources */,
				1400C8FB2F04C2A5001EF209 /* ShortcutsSettingsView.swift in Sources */,
				1400C8FC2F04C2A5001EF209 /* RecordingInProgressView.swift in Sources */,
				1400C8FD2F04C2A5001EF209 /* AboutSettingsView.swift in Sources */,
				1400C8FE2F04C2A5001EF209 /* VideoInfoSection.swift in Sources */,
				14FC9ED12F16F6970053C019 /* Picker.swift in Sources */,
				145D15E92F1D3F0A00F8A4BB /* AVCapture+Delegate.swift in Sources */,
				146CAEC92F1C7EAE0021CE3A /* CameraInfo+Model.swift in Sources */,
				1400C8FF2F04C2A5001EF209 /* SidebarContent.swift in Sources */,
				148B59532F213BB600F840BF /* CaptureService.swift in Sources */,
				148AAC602F0742800087D649 /* NamePrintable+Extensions.swift in Sources */,
				1400C9002F04C2A5001EF209 /* RecordingView.swift in Sources */,
				146CAECE2F1C80C40021CE3A /* Device+Actor.swift in Sources */,
				14D9D6B02F0717B400065B49 /* Base.swift in Sources */,
				14972F452F10EDFF002CE41C /* TimerPicker.swift in Sources */,
				1400C9012F04C2A5001EF209 /* EditorToolbar.swift in Sources */,
				144E65FB2F0A538C00D044AD /* Button.swift in Sources */,
				1400C9022F04C2A5001EF209 /* TimeInputField.swift in Sources */,
				148B595A2F213C6300F840BF /* MovieCapture.swift in Sources */,
				148B595B2F213C6300F840BF /* DeviceLookup.swift in Sources */,
				148B595C2F213C6300F840BF /* PhotoCapture.swift in Sources */,
				148B595D2F213C6300F840BF /* SPCObserver.swift in Sources */,
				146CAEC52F1AD6E60021CE3A /* General+Command.swift in Sources */,
				1400C9032F04C2A5001EF209 /* AspectRatioButton.swift in Sources */,
				1400C9042F04C2A5001EF209 /* CaptureModeButton.swift in Sources */,
				148AAC682F0785520087D649 /* Constants.swift in Sources */,
				1400C9052F04C2A5001EF209 /* RecordingSettingsView.swift in Sources */,
				14D9D6B22F0718B400065B49 /* NamePrintable.swift in Sources */,
				144E65F12F0963BA00D044AD /* AppKit+Extensions.swift in Sources */,
				1400C9062F04C2A5001EF209 /* CameraSettingsView.swift in Sources */,
				146E4F1B2F0DE4F200AA07CC /* Button+ViewModifier.swift in Sources */,
				144E66022F0A687100D044AD /* RectCorner+Model.swift in Sources */,
				14FC9EDD2F1785C60053C019 /* Floating+Window.swift in Sources */,
				1400C9072F04C2A5001EF209 /* FormatButton.swift in Sources */,
				14FFBDB72F12A4D200B96C92 /* VideoInputView.swift in Sources */,
				1400C9082F04C2A5001EF209 /* CropOverlay.swift in Sources */,
				148AAC6E2F0793D00087D649 /* View+NSViewRepresentable.swift in Sources */,
				1400C9092F04C2A5001EF209 /* SettingsView.swift in Sources */,
				1400C90A2F04C2A5001EF209 /* InfoRow.swift in Sources */,
				1400C90B2F04C2A5001EF209 /* PlaybackControls.swift in Sources */,
				14972F432F0EC72A002CE41C /* View+ViewModifier.swift in Sources */,
				1400C90C2F04C2A5001EF209 /* ExportSettingsView.swift in Sources */,
				148B59652F213D0E00F840BF /* MediaLibrary.swift in Sources */,
				1400C90D2F04C2A5001EF209 /* VideoPlayerView.swift in Sources */,
				144E65F62F0966AB00D044AD /* DocumentController.swift in Sources */,
				1400C90E2F04C2A5001EF209 /* VideoTimeline.swift in Sources */,
				148B59692F213D4500F840BF /* Capture+Extensions.swift in Sources */,
				148B596B2F213D4500F840BF /* View+Extensions.swift in Sources */,
				1400C90F2F04C2A5001EF209 /* PresetButton.swift in Sources */,
				144E65F32F0964F500D044AD /* EnvironmentValues.swift in Sources */,
				1400C9102F04C2A5001EF209 /* CropHandleView.swift in Sources */,
				146CAEC72F1ADB020021CE3A /* Video+Command.swift in Sources */,
				148B59552F213BEA00F840BF /* CameraModel.swift in Sources */,
				1400C9112F04C2A5001EF209 /* CameraManager.swift in Sources */,
				144E65FD2F0A57C600D044AD /* WelcomeButton.swift in Sources */,
				1400C9122F04C2A5001EF209 /* CameraOverlayView.swift in Sources */,
				1400C9132F04C2A5001EF209 /* VideoPlayerManager.swift in Sources */,
				1400C9142F04C2A5001EF209 /* CropView.swift in Sources */,
				148AAC6C2F0793A80087D649 /* View+Modifiers.swift in Sources */,
				1400C9152F04C2A5001EF209 /* ShortcutRow.swift in Sources */,
				144E65E72F09619C00D044AD /* NewFileButton.swift in Sources */,
				1400C9162F04C2A5001EF209 /* CameraPreviewView.swift in Sources */,
				1400C9172F04C2A5001EF209 /* GeneralSettingsView.swift in Sources */,
				148B596D2F2142E800F840BF /* PreviewSource.swift in Sources */,
				1400C9182F04C2A5001EF209 /* RecordingSetupView.swift in Sources */,
				14FFBDB92F12DF0E00B96C92 /* Toggle.swift in Sources */,
				1400C9192F04C2A5001EF209 /* ToolButton.swift in Sources */,
				1000000000000010 /* MouseClickVisualizer.swift in Sources */,
			);
		};
/* End PBXSourcesBuildPhase section */

/* Begin XCBuildConfiguration section */
		7000000000000004 /* Debug configuration for PBXProject "VideoEdit" */ = {
			isa = XCBuildConfiguration;
			buildSettings = {
				ALWAYS_SEARCH_USER_PATHS = NO;
				ASSETCATALOG_COMPILER_GENERATE_SWIFT_ASSET_SYMBOL_EXTENSIONS = YES;
				CLANG_ANALYZER_NONNULL = YES;
				CLANG_ANALYZER_NUMBER_OBJECT_CONVERSION = YES_AGGRESSIVE;
				CLANG_CXX_LANGUAGE_STANDARD = "gnu++20";
				CLANG_ENABLE_MODULES = YES;
				CLANG_ENABLE_OBJC_ARC = YES;
				CLANG_ENABLE_OBJC_WEAK = YES;
				CLANG_WARN_BLOCK_CAPTURE_AUTORELEASING = YES;
				CLANG_WARN_BOOL_CONVERSION = YES;
				CLANG_WARN_COMMA = YES;
				CLANG_WARN_CONSTANT_CONVERSION = YES;
				CLANG_WARN_DEPRECATED_OBJC_IMPLEMENTATIONS = YES;
				CLANG_WARN_DIRECT_OBJC_ISA_USAGE = YES_ERROR;
				CLANG_WARN_DOCUMENTATION_COMMENTS = YES;
				CLANG_WARN_EMPTY_BODY = YES;
				CLANG_WARN_ENUM_CONVERSION = YES;
				CLANG_WARN_INFINITE_RECURSION = YES;
				CLANG_WARN_INT_CONVERSION = YES;
				CLANG_WARN_NON_LITERAL_NULL_CONVERSION = YES;
				CLANG_WARN_OBJC_IMPLICIT_RETAIN_SELF = YES;
				CLANG_WARN_OBJC_LITERAL_CONVERSION = YES;
				CLANG_WARN_OBJC_ROOT_CLASS = YES_ERROR;
				CLANG_WARN_QUOTED_INCLUDE_IN_FRAMEWORK_HEADER = YES;
				CLANG_WARN_RANGE_LOOP_ANALYSIS = YES;
				CLANG_WARN_STRICT_PROTOTYPES = YES;
				CLANG_WARN_SUSPICIOUS_MOVE = YES;
				CLANG_WARN_UNGUARDED_AVAILABILITY = YES_AGGRESSIVE;
				CLANG_WARN_UNREACHABLE_CODE = YES;
				CLANG_WARN__DUPLICATE_METHOD_MATCH = YES;
				COPY_PHASE_STRIP = NO;
				DEAD_CODE_STRIPPING = YES;
				DEBUG_INFORMATION_FORMAT = dwarf;
				ENABLE_STRICT_OBJC_MSGSEND = YES;
				ENABLE_TESTABILITY = YES;
				ENABLE_USER_SCRIPT_SANDBOXING = YES;
				GCC_C_LANGUAGE_STANDARD = gnu17;
				GCC_DYNAMIC_NO_PIC = NO;
				GCC_NO_COMMON_BLOCKS = YES;
				GCC_OPTIMIZATION_LEVEL = 0;
				GCC_PREPROCESSOR_DEFINITIONS = (
					"DEBUG=1",
					"$(inherited)",
				);
				GCC_WARN_64_TO_32_BIT_CONVERSION = YES;
				GCC_WARN_ABOUT_RETURN_TYPE = YES_ERROR;
				GCC_WARN_UNDECLARED_SELECTOR = YES;
				GCC_WARN_UNINITIALIZED_AUTOS = YES_AGGRESSIVE;
				GCC_WARN_UNUSED_FUNCTION = YES;
				GCC_WARN_UNUSED_VARIABLE = YES;
				MACOSX_DEPLOYMENT_TARGET = 14.0;
				MTL_ENABLE_DEBUG_INFO = INCLUDE_SOURCE;
				MTL_FAST_MATH = YES;
				ONLY_ACTIVE_ARCH = YES;
				SDKROOT = macosx;
				STRING_CATALOG_GENERATE_SYMBOLS = YES;
				SWIFT_ACTIVE_COMPILATION_CONDITIONS = "DEBUG $(inherited)";
				SWIFT_OPTIMIZATION_LEVEL = "-Onone";
			};
			name = Debug;
		};
		7000000000000005 /* Release configuration for PBXProject "VideoEdit" */ = {
			isa = XCBuildConfiguration;
			buildSettings = {
				ALWAYS_SEARCH_USER_PATHS = NO;
				ASSETCATALOG_COMPILER_GENERATE_SWIFT_ASSET_SYMBOL_EXTENSIONS = YES;
				CLANG_ANALYZER_NONNULL = YES;
				CLANG_ANALYZER_NUMBER_OBJECT_CONVERSION = YES_AGGRESSIVE;
				CLANG_CXX_LANGUAGE_STANDARD = "gnu++20";
				CLANG_ENABLE_MODULES = YES;
				CLANG_ENABLE_OBJC_ARC = YES;
				CLANG_ENABLE_OBJC_WEAK = YES;
				CLANG_WARN_BLOCK_CAPTURE_AUTORELEASING = YES;
				CLANG_WARN_BOOL_CONVERSION = YES;
				CLANG_WARN_COMMA = YES;
				CLANG_WARN_CONSTANT_CONVERSION = YES;
				CLANG_WARN_DEPRECATED_OBJC_IMPLEMENTATIONS = YES;
				CLANG_WARN_DIRECT_OBJC_ISA_USAGE = YES_ERROR;
				CLANG_WARN_DOCUMENTATION_COMMENTS = YES;
				CLANG_WARN_EMPTY_BODY = YES;
				CLANG_WARN_ENUM_CONVERSION = YES;
				CLANG_WARN_INFINITE_RECURSION = YES;
				CLANG_WARN_INT_CONVERSION = YES;
				CLANG_WARN_NON_LITERAL_NULL_CONVERSION = YES;
				CLANG_WARN_OBJC_IMPLICIT_RETAIN_SELF = YES;
				CLANG_WARN_OBJC_LITERAL_CONVERSION = YES;
				CLANG_WARN_OBJC_ROOT_CLASS = YES_ERROR;
				CLANG_WARN_QUOTED_INCLUDE_IN_FRAMEWORK_HEADER = YES;
				CLANG_WARN_RANGE_LOOP_ANALYSIS = YES;
				CLANG_WARN_STRICT_PROTOTYPES = YES;
				CLANG_WARN_SUSPICIOUS_MOVE = YES;
				CLANG_WARN_UNGUARDED_AVAILABILITY = YES_AGGRESSIVE;
				CLANG_WARN_UNREACHABLE_CODE = YES;
				CLANG_WARN__DUPLICATE_METHOD_MATCH = YES;
				COPY_PHASE_STRIP = NO;
				DEAD_CODE_STRIPPING = YES;
				DEBUG_INFORMATION_FORMAT = "dwarf-with-dsym";
				ENABLE_NS_ASSERTIONS = NO;
				ENABLE_STRICT_OBJC_MSGSEND = YES;
				ENABLE_USER_SCRIPT_SANDBOXING = YES;
				GCC_C_LANGUAGE_STANDARD = gnu17;
				GCC_NO_COMMON_BLOCKS = YES;
				GCC_WARN_64_TO_32_BIT_CONVERSION = YES;
				GCC_WARN_ABOUT_RETURN_TYPE = YES_ERROR;
				GCC_WARN_UNDECLARED_SELECTOR = YES;
				GCC_WARN_UNINITIALIZED_AUTOS = YES_AGGRESSIVE;
				GCC_WARN_UNUSED_FUNCTION = YES;
				GCC_WARN_UNUSED_VARIABLE = YES;
				MACOSX_DEPLOYMENT_TARGET = 14.0;
				MTL_ENABLE_DEBUG_INFO = NO;
				MTL_FAST_MATH = YES;
				SDKROOT = macosx;
				STRING_CATALOG_GENERATE_SYMBOLS = YES;
				SWIFT_COMPILATION_MODE = wholemodule;
			};
			name = Release;
		};
		7000000000000006 /* Debug configuration for PBXNativeTarget "VideoEdit" */ = {
			isa = XCBuildConfiguration;
			buildSettings = {
				ASSETCATALOG_COMPILER_APPICON_NAME = AppIcon;
				ASSETCATALOG_COMPILER_GLOBAL_ACCENT_COLOR_NAME = AccentColor;
				ASSETCATALOG_COMPILER_INCLUDE_ALL_APPICON_ASSETS = YES;
				AUTOMATION_APPLE_EVENTS = YES;
				CODE_SIGN_ENTITLEMENTS = VideoEdit/VideoEdit.entitlements;
				CODE_SIGN_IDENTITY = "Apple Development";
				CODE_SIGN_STYLE = Automatic;
				COMBINE_HIDPI_IMAGES = YES;
				CURRENT_PROJECT_VERSION = 1;
				DEAD_CODE_STRIPPING = YES;
				DEVELOPMENT_ASSET_PATHS = "";
				DEVELOPMENT_TEAM = FUU334NWUK;
				ENABLE_APP_SANDBOX = YES;
				ENABLE_FILE_ACCESS_DOWNLOADS_FOLDER = readwrite;
				ENABLE_FILE_ACCESS_MOVIES_FOLDER = readwrite;
				ENABLE_HARDENED_RUNTIME = YES;
				ENABLE_INCOMING_NETWORK_CONNECTIONS = YES;
				ENABLE_OUTGOING_NETWORK_CONNECTIONS = YES;
				ENABLE_PREVIEWS = YES;
				ENABLE_RESOURCE_ACCESS_AUDIO_INPUT = YES;
				ENABLE_RESOURCE_ACCESS_BLUETOOTH = NO;
				ENABLE_RESOURCE_ACCESS_CALENDARS = NO;
				ENABLE_RESOURCE_ACCESS_CAMERA = YES;
				ENABLE_RESOURCE_ACCESS_CONTACTS = NO;
				ENABLE_RESOURCE_ACCESS_LOCATION = NO;
				ENABLE_RESOURCE_ACCESS_PHOTO_LIBRARY = YES;
				ENABLE_RESOURCE_ACCESS_PRINTING = NO;
				ENABLE_RESOURCE_ACCESS_USB = NO;
				ENABLE_USER_SELECTED_FILES = readwrite;
				GENERATE_INFOPLIST_FILE = YES;
				INFOPLIST_FILE = VideoEdit/Info.plist;
				INFOPLIST_KEY_CFBundleDisplayName = VideoEdit;
				INFOPLIST_KEY_LSApplicationCategoryType = "public.app-category.video";
				INFOPLIST_KEY_NSAppleEventsUsageDescription = "VideoEdit uses Apple Events for Finder integration.";
				INFOPLIST_KEY_NSCameraUsageDescription = "VideoEdit needs access to your camera to add a camera overlay to your recordings.";
				INFOPLIST_KEY_NSHumanReadableCopyright = "Copyright © 2024. All rights reserved.";
				INFOPLIST_KEY_NSMicrophoneUsageDescription = "VideoEdit needs access to your microphone to record audio with your screen recordings.";
				INFOPLIST_KEY_NSPrincipalClass = NSApplication;
				LD_RUNPATH_SEARCH_PATHS = (
					"$(inherited)",
					"@executable_path/../Frameworks",
				);
				MACOSX_DEPLOYMENT_TARGET = 26.0;
				MARKETING_VERSION = 1.0;
				PRODUCT_BUNDLE_IDENTIFIER = com.philagora.VideoEdit;
				PRODUCT_NAME = "$(TARGET_NAME)";
				PROVISIONING_PROFILE_SPECIFIER = "";
				RUNTIME_EXCEPTION_ALLOW_DYLD_ENVIRONMENT_VARIABLES = NO;
				RUNTIME_EXCEPTION_ALLOW_JIT = NO;
				RUNTIME_EXCEPTION_ALLOW_UNSIGNED_EXECUTABLE_MEMORY = NO;
				RUNTIME_EXCEPTION_DEBUGGING_TOOL = NO;
				RUNTIME_EXCEPTION_DISABLE_EXECUTABLE_PAGE_PROTECTION = NO;
				RUNTIME_EXCEPTION_DISABLE_LIBRARY_VALIDATION = NO;
				SWIFT_EMIT_LOC_STRINGS = YES;
				SWIFT_VERSION = 5.0;
			};
			name = Debug;
		};
		7000000000000007 /* Release configuration for PBXNativeTarget "VideoEdit" */ = {
			isa = XCBuildConfiguration;
			buildSettings = {
				ASSETCATALOG_COMPILER_APPICON_NAME = AppIcon;
				ASSETCATALOG_COMPILER_GLOBAL_ACCENT_COLOR_NAME = AccentColor;
				ASSETCATALOG_COMPILER_INCLUDE_ALL_APPICON_ASSETS = YES;
				AUTOMATION_APPLE_EVENTS = YES;
				CODE_SIGN_ENTITLEMENTS = VideoEdit/VideoEdit.entitlements;
				CODE_SIGN_IDENTITY = "Apple Development";
				CODE_SIGN_STYLE = Automatic;
				COMBINE_HIDPI_IMAGES = YES;
				CURRENT_PROJECT_VERSION = 1;
				DEAD_CODE_STRIPPING = YES;
				DEVELOPMENT_ASSET_PATHS = "";
				DEVELOPMENT_TEAM = FUU334NWUK;
				ENABLE_APP_SANDBOX = YES;
				ENABLE_FILE_ACCESS_DOWNLOADS_FOLDER = readwrite;
				ENABLE_FILE_ACCESS_MOVIES_FOLDER = readwrite;
				ENABLE_HARDENED_RUNTIME = YES;
				ENABLE_INCOMING_NETWORK_CONNECTIONS = YES;
				ENABLE_OUTGOING_NETWORK_CONNECTIONS = YES;
				ENABLE_PREVIEWS = YES;
				ENABLE_RESOURCE_ACCESS_AUDIO_INPUT = YES;
				ENABLE_RESOURCE_ACCESS_BLUETOOTH = NO;
				ENABLE_RESOURCE_ACCESS_CALENDARS = NO;
				ENABLE_RESOURCE_ACCESS_CAMERA = YES;
				ENABLE_RESOURCE_ACCESS_CONTACTS = NO;
				ENABLE_RESOURCE_ACCESS_LOCATION = NO;
				ENABLE_RESOURCE_ACCESS_PHOTO_LIBRARY = YES;
				ENABLE_RESOURCE_ACCESS_PRINTING = NO;
				ENABLE_RESOURCE_ACCESS_USB = NO;
				ENABLE_USER_SELECTED_FILES = readwrite;
				GENERATE_INFOPLIST_FILE = YES;
				INFOPLIST_FILE = VideoEdit/Info.plist;
				INFOPLIST_KEY_CFBundleDisplayName = VideoEdit;
				INFOPLIST_KEY_LSApplicationCategoryType = "public.app-category.video";
				INFOPLIST_KEY_NSAppleEventsUsageDescription = "VideoEdit uses Apple Events for Finder integration.";
				INFOPLIST_KEY_NSCameraUsageDescription = "VideoEdit needs access to your camera to add a camera overlay to your recordings.";
				INFOPLIST_KEY_NSHumanReadableCopyright = "Copyright © 2024. All rights reserved.";
				INFOPLIST_KEY_NSMicrophoneUsageDescription = "VideoEdit needs access to your microphone to record audio with your screen recordings.";
				INFOPLIST_KEY_NSPrincipalClass = NSApplication;
				LD_RUNPATH_SEARCH_PATHS = (
					"$(inherited)",
					"@executable_path/../Frameworks",
				);
				MACOSX_DEPLOYMENT_TARGET = 26.0;
				MARKETING_VERSION = 1.0;
				PRODUCT_BUNDLE_IDENTIFIER = com.philagora.VideoEdit;
				PRODUCT_NAME = "$(TARGET_NAME)";
				PROVISIONING_PROFILE_SPECIFIER = "";
				RUNTIME_EXCEPTION_ALLOW_DYLD_ENVIRONMENT_VARIABLES = NO;
				RUNTIME_EXCEPTION_ALLOW_JIT = NO;
				RUNTIME_EXCEPTION_ALLOW_UNSIGNED_EXECUTABLE_MEMORY = NO;
				RUNTIME_EXCEPTION_DEBUGGING_TOOL = NO;
				RUNTIME_EXCEPTION_DISABLE_EXECUTABLE_PAGE_PROTECTION = NO;
				RUNTIME_EXCEPTION_DISABLE_LIBRARY_VALIDATION = NO;
				SWIFT_EMIT_LOC_STRINGS = YES;
				SWIFT_VERSION = 5.0;
			};
			name = Release;
		};
/* End XCBuildConfiguration section */

/* Begin XCConfigurationList section */
		7000000000000001 /* Build configuration list for PBXProject "VideoEdit" */ = {
			isa = XCConfigurationList;
			buildConfigurations = (
				7000000000000004 /* Debug configuration for PBXProject "VideoEdit" */,
				7000000000000005 /* Release configuration for PBXProject "VideoEdit" */,
			);
			defaultConfigurationName = Debug;
		};
		7000000000000003 /* Build configuration list for PBXNativeTarget "VideoEdit" */ = {
			isa = XCConfigurationList;
			buildConfigurations = (
				7000000000000006 /* Debug configuration for PBXNativeTarget "VideoEdit" */,
				7000000000000007 /* Release configuration for PBXNativeTarget "VideoEdit" */,
			);
			defaultConfigurationName = Debug;
		};
/* End XCConfigurationList section */

/* Begin XCRemoteSwiftPackageReference section */
		144E65E02F094FA400D044AD /* XCRemoteSwiftPackageReference "WelcomeWindow" */ = {
			isa = XCRemoteSwiftPackageReference;
			repositoryURL = "https://github.com/CodeEditApp/WelcomeWindow";
			requirement = {
				branch = main;
				kind = branch;
			};
		};
		144E65E32F09556E00D044AD /* XCRemoteSwiftPackageReference "SwiftUI-Onboarding" */ = {
			isa = XCRemoteSwiftPackageReference;
			repositoryURL = "https://github.com/Sedlacek-Solutions/SwiftUI-Onboarding.git";
			requirement = {
				kind = upToNextMajorVersion;
				minimumVersion = 2.2.1;
			};
		};
		144E66052F0A70DD00D044AD /* XCRemoteSwiftPackageReference "Onboarding" */ = {
			isa = XCRemoteSwiftPackageReference;
			repositoryURL = "https://github.com/Mannydefreitas7/Onboarding";
			requirement = {
				branch = main;
				kind = branch;
			};
		};
		146CAEBE2F1949200021CE3A /* XCRemoteSwiftPackageReference "SFSafeSymbols" */ = {
			isa = XCRemoteSwiftPackageReference;
			repositoryURL = "https://github.com/SFSafeSymbols/SFSafeSymbols.git";
			requirement = {
				kind = upToNextMajorVersion;
				minimumVersion = 7.0.0;
			};
		};
		146E4EF62F0A7C0000AA07CC /* XCRemoteSwiftPackageReference "swift-syntax" */ = {
			isa = XCRemoteSwiftPackageReference;
			repositoryURL = "https://github.com/swiftlang/swift-syntax.git";
			requirement = {
				kind = upToNextMajorVersion;
				minimumVersion = 602.0.0;
			};
		};
		146E4F012F0A7C1400AA07CC /* XCRemoteSwiftPackageReference "WelcomeWindow" */ = {
			isa = XCRemoteSwiftPackageReference;
			repositoryURL = "https://github.com/CodeEditApp/WelcomeWindow";
			requirement = {
				branch = main;
				kind = branch;
			};
		};
		146E4F042F0A7C2800AA07CC /* XCRemoteSwiftPackageReference "CombineAsync" */ = {
			isa = XCRemoteSwiftPackageReference;
			repositoryURL = "https://github.com/hainayanda/CombineAsync.git";
			requirement = {
				kind = upToNextMajorVersion;
				minimumVersion = 2.0.0;
			};
		};
		146E4F072F0A7CC200AA07CC /* XCRemoteSwiftPackageReference "Onboarding" */ = {
			isa = XCRemoteSwiftPackageReference;
			repositoryURL = "https://github.com/Mannydefreitas7/Onboarding";
			requirement = {
				branch = main;
				kind = branch;
			};
		};
		146E4F0C2F0A8DE900AA07CC /* XCRemoteSwiftPackageReference "capcutsdk" */ = {
			isa = XCRemoteSwiftPackageReference;
			repositoryURL = "https://github.com/Mannydefreitas7/capcutsdk";
			requirement = {
				branch = main;
				kind = branch;
			};
		};
		146E4F152F0DA03700AA07CC /* XCRemoteSwiftPackageReference "Pow" */ = {
			isa = XCRemoteSwiftPackageReference;
			repositoryURL = "https://github.com/EmergeTools/Pow";
			requirement = {
				kind = upToNextMajorVersion;
				minimumVersion = 1.0.5;
			};
		};
		148AAC612F075CBD0087D649 /* XCRemoteSwiftPackageReference "CombineAsync" */ = {
			isa = XCRemoteSwiftPackageReference;
			repositoryURL = "https://github.com/hainayanda/CombineAsync.git";
			requirement = {
				kind = upToNextMajorVersion;
				minimumVersion = 2.0.0;
			};
		};
		14D9D6A32F05974400065B49 /* XCRemoteSwiftPackageReference "swift-syntax" */ = {
			isa = XCRemoteSwiftPackageReference;
			repositoryURL = "https://github.com/swiftlang/swift-syntax.git";
			requirement = {
				kind = upToNextMajorVersion;
				minimumVersion = 602.0.0;
			};
		};
		14FC9ED22F16F8660053C019 /* XCRemoteSwiftPackageReference "Engine" */ = {
			isa = XCRemoteSwiftPackageReference;
			repositoryURL = "https://github.com/nathantannar4/Engine";
			requirement = {
				kind = upToNextMajorVersion;
				minimumVersion = 2.4.0;
			};
		};
		14FC9EDE2F19158D0053C019 /* XCRemoteSwiftPackageReference "swiftui-introspect" */ = {
			isa = XCRemoteSwiftPackageReference;
			repositoryURL = "https://github.com/siteline/swiftui-introspect";
			requirement = {
				kind = upToNextMajorVersion;
				minimumVersion = 26.0.0;
			};
		};
		14FFBDBC2F13194A00B96C92 /* XCRemoteSwiftPackageReference "SwiftUI-Shimmer" */ = {
			isa = XCRemoteSwiftPackageReference;
			repositoryURL = "https://github.com/markiv/SwiftUI-Shimmer.git";
			requirement = {
				kind = upToNextMajorVersion;
				minimumVersion = 1.5.1;
			};
		};
/* End XCRemoteSwiftPackageReference section */

/* Begin XCSwiftPackageProductDependency section */
		144E65E12F094FA400D044AD /* WelcomeWindow */ = {
			isa = XCSwiftPackageProductDependency;
			package = 144E65E02F094FA400D044AD /* XCRemoteSwiftPackageReference "WelcomeWindow" */;
			productName = WelcomeWindow;
		};
		144E65E42F09556E00D044AD /* Onboarding */ = {
			isa = XCSwiftPackageProductDependency;
			package = 144E65E32F09556E00D044AD /* XCRemoteSwiftPackageReference "SwiftUI-Onboarding" */;
			productName = Onboarding;
		};
		144E66062F0A70DD00D044AD /* Onboarding */ = {
			isa = XCSwiftPackageProductDependency;
			package = 144E66052F0A70DD00D044AD /* XCRemoteSwiftPackageReference "Onboarding" */;
			productName = Onboarding;
		};
		146CAEBF2F1949200021CE3A /* SFSafeSymbols */ = {
			isa = XCSwiftPackageProductDependency;
			package = 146CAEBE2F1949200021CE3A /* XCRemoteSwiftPackageReference "SFSafeSymbols" */;
			productName = SFSafeSymbols;
		};
		146E4EF72F0A7C0000AA07CC /* SwiftBasicFormat */ = {
			isa = XCSwiftPackageProductDependency;
			package = 146E4EF62F0A7C0000AA07CC /* XCRemoteSwiftPackageReference "swift-syntax" */;
			productName = SwiftBasicFormat;
		};
		146E4EF92F0A7C0000AA07CC /* SwiftCompilerPlugin */ = {
			isa = XCSwiftPackageProductDependency;
			package = 146E4EF62F0A7C0000AA07CC /* XCRemoteSwiftPackageReference "swift-syntax" */;
			productName = SwiftCompilerPlugin;
		};
		146E4EFB2F0A7C0000AA07CC /* SwiftDiagnostics */ = {
			isa = XCSwiftPackageProductDependency;
			package = 146E4EF62F0A7C0000AA07CC /* XCRemoteSwiftPackageReference "swift-syntax" */;
			productName = SwiftDiagnostics;
		};
		146E4EFD2F0A7C0000AA07CC /* SwiftIDEUtils */ = {
			isa = XCSwiftPackageProductDependency;
			package = 146E4EF62F0A7C0000AA07CC /* XCRemoteSwiftPackageReference "swift-syntax" */;
			productName = SwiftIDEUtils;
		};
		146E4EFF2F0A7C0000AA07CC /* SwiftIfConfig */ = {
			isa = XCSwiftPackageProductDependency;
			package = 146E4EF62F0A7C0000AA07CC /* XCRemoteSwiftPackageReference "swift-syntax" */;
			productName = SwiftIfConfig;
		};
		146E4F022F0A7C1400AA07CC /* WelcomeWindow */ = {
			isa = XCSwiftPackageProductDependency;
			package = 146E4F012F0A7C1400AA07CC /* XCRemoteSwiftPackageReference "WelcomeWindow" */;
			productName = WelcomeWindow;
		};
		146E4F052F0A7C2800AA07CC /* CombineAsync */ = {
			isa = XCSwiftPackageProductDependency;
			package = 146E4F042F0A7C2800AA07CC /* XCRemoteSwiftPackageReference "CombineAsync" */;
			productName = CombineAsync;
		};
		146E4F082F0A7CC200AA07CC /* Onboarding */ = {
			isa = XCSwiftPackageProductDependency;
			package = 146E4F072F0A7CC200AA07CC /* XCRemoteSwiftPackageReference "Onboarding" */;
			productName = Onboarding;
		};
		146E4F0D2F0A8DE900AA07CC /* VideoEditorCore */ = {
			isa = XCSwiftPackageProductDependency;
			package = 146E4F0C2F0A8DE900AA07CC /* XCRemoteSwiftPackageReference "capcutsdk" */;
			productName = VideoEditorCore;
		};
		146E4F162F0DA03700AA07CC /* Pow */ = {
			isa = XCSwiftPackageProductDependency;
			package = 146E4F152F0DA03700AA07CC /* XCRemoteSwiftPackageReference "Pow" */;
			productName = Pow;
		};
		148AAC622F075CBD0087D649 /* CombineAsync */ = {
			isa = XCSwiftPackageProductDependency;
			package = 148AAC612F075CBD0087D649 /* XCRemoteSwiftPackageReference "CombineAsync" */;
			productName = CombineAsync;
		};
		14D9D6A42F05974400065B49 /* SwiftBasicFormat */ = {
			isa = XCSwiftPackageProductDependency;
			package = 14D9D6A32F05974400065B49 /* XCRemoteSwiftPackageReference "swift-syntax" */;
			productName = SwiftBasicFormat;
		};
		14D9D6A62F05974400065B49 /* SwiftCompilerPlugin */ = {
			isa = XCSwiftPackageProductDependency;
			package = 14D9D6A32F05974400065B49 /* XCRemoteSwiftPackageReference "swift-syntax" */;
			productName = SwiftCompilerPlugin;
		};
		14D9D6A82F05974400065B49 /* SwiftDiagnostics */ = {
			isa = XCSwiftPackageProductDependency;
			package = 14D9D6A32F05974400065B49 /* XCRemoteSwiftPackageReference "swift-syntax" */;
			productName = SwiftDiagnostics;
		};
		14D9D6AA2F05974400065B49 /* SwiftIDEUtils */ = {
			isa = XCSwiftPackageProductDependency;
			package = 14D9D6A32F05974400065B49 /* XCRemoteSwiftPackageReference "swift-syntax" */;
			productName = SwiftIDEUtils;
		};
		14D9D6AC2F05974400065B49 /* SwiftIfConfig */ = {
			isa = XCSwiftPackageProductDependency;
			package = 14D9D6A32F05974400065B49 /* XCRemoteSwiftPackageReference "swift-syntax" */;
			productName = SwiftIfConfig;
		};
		14FC9ED42F16FB750053C019 /* Engine */ = {
			isa = XCSwiftPackageProductDependency;
			package = 14FC9ED22F16F8660053C019 /* XCRemoteSwiftPackageReference "Engine" */;
			productName = Engine;
		};
		14FC9ED62F16FB750053C019 /* EngineCore */ = {
			isa = XCSwiftPackageProductDependency;
			package = 14FC9ED22F16F8660053C019 /* XCRemoteSwiftPackageReference "Engine" */;
			productName = EngineCore;
		};
		14FC9ED82F16FB760053C019 /* EngineCoreC */ = {
			isa = XCSwiftPackageProductDependency;
			package = 14FC9ED22F16F8660053C019 /* XCRemoteSwiftPackageReference "Engine" */;
			productName = EngineCoreC;
		};
		14FC9EDA2F16FB760053C019 /* EngineMacros */ = {
			isa = XCSwiftPackageProductDependency;
			package = 14FC9ED22F16F8660053C019 /* XCRemoteSwiftPackageReference "Engine" */;
			productName = EngineMacros;
		};
		14FC9EDF2F19158D0053C019 /* SwiftUIIntrospect */ = {
			isa = XCSwiftPackageProductDependency;
			package = 14FC9EDE2F19158D0053C019 /* XCRemoteSwiftPackageReference "swiftui-introspect" */;
			productName = SwiftUIIntrospect;
		};
		14FFBDBD2F13194A00B96C92 /* Shimmer */ = {
			isa = XCSwiftPackageProductDependency;
			package = 14FFBDBC2F13194A00B96C92 /* XCRemoteSwiftPackageReference "SwiftUI-Shimmer" */;
			productName = Shimmer;
		};
/* End XCSwiftPackageProductDependency section */
	};
	rootObject = 8000000000000001 /* Project object */;
}
