{
  "originHash" : "29092eefea4b1840aaca382c157bb72f182d9ca12ae80cb781d904ea8cb853de",
  "pins" : [
    {
      "identity" : "aperture",
      "kind" : "remoteSourceControl",
      "location" : "https://github.com/wulkano/Aperture.git",
      "state" : {
        "branch" : "main",
        "revision" : "7591bb540c844fe6c47edeac34b17c25e92a717f"
      }
    },
    {
      "identity" : "appstate",
      "kind" : "remoteSourceControl",
      "location" : "https://github.com/0xLeif/AppState",
      "state" : {
        "revision" : "10e8c65935abb39812aa0fb9d3ebc26e8ad56bf0",
        "version" : "2.2.0"
      }
    },
    {
      "identity" : "cache",
      "kind" : "remoteSourceControl",
      "location" : "https://github.com/0xLeif/Cache",
      "state" : {
        "revision" : "ff7c208eb8311c9bd150a87792d1df36851b95f1",
        "version" : "2.1.2"
      }
    },
    {
      "identity" : "capcutsdk",
      "kind" : "remoteSourceControl",
      "location" : "https://github.com/Mannydefreitas7/capcutsdk",
      "state" : {
        "branch" : "main",
        "revision" : "7d56dc52af0da181aab2a412e8ef4399f965ae34"
      }
    },
    {
      "identity" : "combineasync",
      "kind" : "remoteSourceControl",
      "location" : "https://github.com/hainayanda/CombineAsync.git",
      "state" : {
        "revision" : "ff6188edb948e29c2e7053f6b3c54caf16cf9d05",
        "version" : "2.0.0"
      }
    },
    {
      "identity" : "dswaveformimage",
      "kind" : "remoteSourceControl",
      "location" : "https://github.com/dmrschmidt/DSWaveformImage",
      "state" : {
        "revision" : "a7a96cf4478c6fa084e76c175bcf7f4c9a38f80a",
        "version" : "14.3.0"
      }
    },
    {
      "identity" : "engine",
      "kind" : "remoteSourceControl",
      "location" : "https://github.com/nathantannar4/Engine",
      "state" : {
        "revision" : "d4feaf0d8bf9c49cecc0617d8ed0706417792f86",
        "version" : "2.4.0"
      }
    },
    {
      "identity" : "fluidaudio",
      "kind" : "remoteSourceControl",
      "location" : "https://github.com/FluidInference/FluidAudio.git",
      "state" : {
        "branch" : "main",
        "revision" : "7459740a6b30755c51c1594ff08ee80e1527dc5d"
      }
    },
    {
      "identity" : "ignition",
      "kind" : "remoteSourceControl",
      "location" : "https://github.com/nathantannar4/Ignition",
      "state" : {
        "revision" : "9452deeee9533985f1ad49341e32a38f1c5f2f02",
        "version" : "2.1.1"
      }
    },
    {
      "identity" : "onboarding",
      "kind" : "remoteSourceControl",
      "location" : "https://github.com/Mannydefreitas7/Onboarding",
      "state" : {
        "branch" : "main",
        "revision" : "14cb9ad40982d96ff74778b7cc4570124e76ffad"
      }
    },
    {
      "identity" : "pow",
      "kind" : "remoteSourceControl",
      "location" : "https://github.com/EmergeTools/Pow",
      "state" : {
        "revision" : "a504eb6d144bcf49f4f33029a2795345cb39e6b4",
        "version" : "1.0.5"
      }
    },
    {
      "identity" : "retain",
      "kind" : "remoteSourceControl",
      "location" : "https://github.com/hainayanda/Retain.git",
      "state" : {
        "revision" : "9786a73cd2eb7ea247723e6245da9aae0adcbacc",
        "version" : "1.0.2"
      }
    },
    {
      "identity" : "sfsafesymbols",
      "kind" : "remoteSourceControl",
      "location" : "https://github.com/SFSafeSymbols/SFSafeSymbols.git",
      "state" : {
        "revision" : "e01b3d4f861412f8dcee8d93c417d2c2b0cdfd77",
        "version" : "7.0.0"
      }
    },
    {
      "identity" : "swift-syntax",
      "kind" : "remoteSourceControl",
      "location" : "https://github.com/swiftlang/swift-syntax.git",
      "state" : {
        "revision" : "4799286537280063c85a32f09884cfbca301b1a1",
        "version" : "602.0.0"
      }
    },
    {
      "identity" : "swiftlintplugin",
      "kind" : "remoteSourceControl",
      "location" : "https://github.com/lukepistrol/SwiftLintPlugin",
      "state" : {
        "revision" : "9bbc46a4cf8275ceb39334f6276b6b215d67d5d5",
        "version" : "0.62.2"
      }
    },
    {
      "identity" : "swiftui-introspect",
      "kind" : "remoteSourceControl",
      "location" : "https://github.com/siteline/swiftui-introspect",
      "state" : {
        "revision" : "a08b87f96b41055577721a6e397562b21ad52454",
        "version" : "26.0.0"
      }
    },
    {
      "identity" : "swiftui-shimmer",
      "kind" : "remoteSourceControl",
      "location" : "https://github.com/markiv/SwiftUI-Shimmer.git",
      "state" : {
        "revision" : "0226e21f9bf355d40e07e5f5e1c33679d50e167f",
        "version" : "1.5.1"
      }
    },
    {
      "identity" : "turbocharger",
      "kind" : "remoteSourceControl",
      "location" : "https://github.com/nathantannar4/Turbocharger",
      "state" : {
        "revision" : "a1df764ded1ee8f99163dc12d7de1ca956b62e6e",
        "version" : "2.5.0"
      }
    },
    {
      "identity" : "welcomewindow",
      "kind" : "remoteSourceControl",
      "location" : "https://github.com/CodeEditApp/WelcomeWindow",
      "state" : {
        "branch" : "main",
        "revision" : "cef2726ed3bd7b5beb585c9b6829f76d463a224c"
      }
    }
  ],
  "version" : 3
}
